// !$*UTF8*$!
{
	archiveVersion = 1;
	classes = {
	};
	objectVersion = 50;
	objects = {

/* Begin PBXBuildFile section */
		B4783B3924F5768F007A8F59 /* PaleoNetCDF.framework in Frameworks */ = {isa = PBXBuildFile; fileRef = B4783B2F24F5768F007A8F59 /* PaleoNetCDF.framework */; };
		B4783B3E24F5768F007A8F59 /* PaleoNetCDFTests.m in Sources */ = {isa = PBXBuildFile; fileRef = B4783B3D24F5768F007A8F59 /* PaleoNetCDFTests.m */; };
		B4783B4024F5768F007A8F59 /* PaleoNetCDF.h in Headers */ = {isa = PBXBuildFile; fileRef = B4783B3224F5768F007A8F59 /* PaleoNetCDF.h */; settings = {ATTRIBUTES = (Public, ); }; };
		B4783B8C24F577C2007A8F59 /* libnetcdf.a in Frameworks */ = {isa = PBXBuildFile; fileRef = B4783B8A24F577C2007A8F59 /* libnetcdf.a */; };
		B4783B8D24F577C2007A8F59 /* netcdf.h in Headers */ = {isa = PBXBuildFile; fileRef = B4783B8B24F577C2007A8F59 /* netcdf.h */; };
		B4783BAE24F577E2007A8F59 /* NCDFSeriesHandle.h in Headers */ = {isa = PBXBuildFile; fileRef = B4783B9224F577DF007A8F59 /* NCDFSeriesHandle.h */; settings = {ATTRIBUTES = (Public, ); }; };
		B4783BAF24F577E2007A8F59 /* NCDFProtocols.h in Headers */ = {isa = PBXBuildFile; fileRef = B4783B9324F577E0007A8F59 /* NCDFProtocols.h */; settings = {ATTRIBUTES = (Public, ); }; };
		B4783BB024F577E2007A8F59 /* NCDFVariable.m in Sources */ = {isa = PBXBuildFile; fileRef = B4783B9424F577E0007A8F59 /* NCDFVariable.m */; };
		B4783BB124F577E2007A8F59 /* NCDFAttribute.m in Sources */ = {isa = PBXBuildFile; fileRef = B4783B9524F577E0007A8F59 /* NCDFAttribute.m */; };
		B4783BB224F577E2007A8F59 /* NCDFDimension.h in Headers */ = {isa = PBXBuildFile; fileRef = B4783B9624F577E0007A8F59 /* NCDFDimension.h */; settings = {ATTRIBUTES = (Public, ); }; };
		B4783BB324F577E2007A8F59 /* NCDFDimension.m in Sources */ = {isa = PBXBuildFile; fileRef = B4783B9724F577E0007A8F59 /* NCDFDimension.m */; };
		B4783BB424F577E2007A8F59 /* NCDFSeriesVariable.h in Headers */ = {isa = PBXBuildFile; fileRef = B4783B9824F577E0007A8F59 /* NCDFSeriesVariable.h */; settings = {ATTRIBUTES = (Public, ); }; };
		B4783BB524F577E2007A8F59 /* NCDFHandle.h in Headers */ = {isa = PBXBuildFile; fileRef = B4783B9924F577E0007A8F59 /* NCDFHandle.h */; settings = {ATTRIBUTES = (Public, ); }; };
		B4783BB624F577E2007A8F59 /* NCDFVariable.h in Headers */ = {isa = PBXBuildFile; fileRef = B4783B9A24F577E0007A8F59 /* NCDFVariable.h */; settings = {ATTRIBUTES = (Public, ); }; };
		B4783BB724F577E2007A8F59 /* NCDFVariableByteSizeFormatter.m in Sources */ = {isa = PBXBuildFile; fileRef = B4783B9B24F577E0007A8F59 /* NCDFVariableByteSizeFormatter.m */; };
		B4783BB824F577E2007A8F59 /* NCDFDataTypeFormatter.m in Sources */ = {isa = PBXBuildFile; fileRef = B4783B9C24F577E1007A8F59 /* NCDFDataTypeFormatter.m */; };
		B4783BB924F577E2007A8F59 /* NCDFSeriesDimension.h in Headers */ = {isa = PBXBuildFile; fileRef = B4783B9D24F577E1007A8F59 /* NCDFSeriesDimension.h */; settings = {ATTRIBUTES = (Public, ); }; };
		B4783BBA24F577E2007A8F59 /* NCDFNameFormatter.m in Sources */ = {isa = PBXBuildFile; fileRef = B4783B9E24F577E1007A8F59 /* NCDFNameFormatter.m */; };
		B4783BBB24F577E2007A8F59 /* NCDFNetCDF.h in Headers */ = {isa = PBXBuildFile; fileRef = B4783B9F24F577E1007A8F59 /* NCDFNetCDF.h */; };
		B4783BBC24F577E2007A8F59 /* NCDFError.m in Sources */ = {isa = PBXBuildFile; fileRef = B4783BA024F577E1007A8F59 /* NCDFError.m */; };
		B4783BBD24F577E2007A8F59 /* NCDFSeriesDimension.m in Sources */ = {isa = PBXBuildFile; fileRef = B4783BA124F577E1007A8F59 /* NCDFSeriesDimension.m */; };
		B4783BBE24F577E2007A8F59 /* NCDFNameFormatter.h in Headers */ = {isa = PBXBuildFile; fileRef = B4783BA224F577E1007A8F59 /* NCDFNameFormatter.h */; settings = {ATTRIBUTES = (Public, ); }; };
		B4783BBF24F577E2007A8F59 /* NCDFVariableByteSizeFormatter.h in Headers */ = {isa = PBXBuildFile; fileRef = B4783BA324F577E1007A8F59 /* NCDFVariableByteSizeFormatter.h */; settings = {ATTRIBUTES = (Public, ); }; };
		B4783BC024F577E2007A8F59 /* NCDFError.h in Headers */ = {isa = PBXBuildFile; fileRef = B4783BA424F577E1007A8F59 /* NCDFError.h */; settings = {ATTRIBUTES = (Public, ); }; };
		B4783BC124F577E2007A8F59 /* NCDFHandle.m in Sources */ = {isa = PBXBuildFile; fileRef = B4783BA524F577E1007A8F59 /* NCDFHandle.m */; };
		B4783BC224F577E2007A8F59 /* NCDFDataTypeFormatter.h in Headers */ = {isa = PBXBuildFile; fileRef = B4783BA624F577E2007A8F59 /* NCDFDataTypeFormatter.h */; settings = {ATTRIBUTES = (Public, ); }; };
		B4783BC324F577E2007A8F59 /* NCDFAttribute.h in Headers */ = {isa = PBXBuildFile; fileRef = B4783BA724F577E2007A8F59 /* NCDFAttribute.h */; settings = {ATTRIBUTES = (Public, ); }; };
		B4783BC424F577E2007A8F59 /* NCDFErrorHandle.m in Sources */ = {isa = PBXBuildFile; fileRef = B4783BA824F577E2007A8F59 /* NCDFErrorHandle.m */; };
		B4783BC524F577E2007A8F59 /* NCDFSeriesHandle.m in Sources */ = {isa = PBXBuildFile; fileRef = B4783BA924F577E2007A8F59 /* NCDFSeriesHandle.m */; };
		B4783BC624F577E2007A8F59 /* NCDFSlab.m in Sources */ = {isa = PBXBuildFile; fileRef = B4783BAA24F577E2007A8F59 /* NCDFSlab.m */; };
		B4783BC724F577E2007A8F59 /* NCDFErrorHandle.h in Headers */ = {isa = PBXBuildFile; fileRef = B4783BAB24F577E2007A8F59 /* NCDFErrorHandle.h */; settings = {ATTRIBUTES = (Public, ); }; };
		B4783BC824F577E2007A8F59 /* NCDFSeriesVariable.m in Sources */ = {isa = PBXBuildFile; fileRef = B4783BAC24F577E2007A8F59 /* NCDFSeriesVariable.m */; };
		B4783BC924F577E2007A8F59 /* NCDFSlab.h in Headers */ = {isa = PBXBuildFile; fileRef = B4783BAD24F577E2007A8F59 /* NCDFSlab.h */; settings = {ATTRIBUTES = (Public, ); }; };
/* End PBXBuildFile section */

/* Begin PBXContainerItemProxy section */
		B4783B3A24F5768F007A8F59 /* PBXContainerItemProxy */ = {
			isa = PBXContainerItemProxy;
			containerPortal = B4783B2624F5768F007A8F59 /* Project object */;
			proxyType = 1;
			remoteGlobalIDString = B4783B2E24F5768F007A8F59;
			remoteInfo = PaleoNetCDF;
		};
/* End PBXContainerItemProxy section */

/* Begin PBXFileReference section */
		B4783B2F24F5768F007A8F59 /* PaleoNetCDF.framework */ = {isa = PBXFileReference; explicitFileType = wrapper.framework; includeInIndex = 0; path = PaleoNetCDF.framework; sourceTree = BUILT_PRODUCTS_DIR; };
		B4783B3224F5768F007A8F59 /* PaleoNetCDF.h */ = {isa = PBXFileReference; lastKnownFileType = sourcecode.c.h; path = PaleoNetCDF.h; sourceTree = "<group>"; };
		B4783B3324F5768F007A8F59 /* Info.plist */ = {isa = PBXFileReference; lastKnownFileType = text.plist.xml; path = Info.plist; sourceTree = "<group>"; };
		B4783B3824F5768F007A8F59 /* PaleoNetCDFTests.xctest */ = {isa = PBXFileReference; explicitFileType = wrapper.cfbundle; includeInIndex = 0; path = PaleoNetCDFTests.xctest; sourceTree = BUILT_PRODUCTS_DIR; };
		B4783B3D24F5768F007A8F59 /* PaleoNetCDFTests.m */ = {isa = PBXFileReference; lastKnownFileType = sourcecode.c.objc; path = PaleoNetCDFTests.m; sourceTree = "<group>"; };
		B4783B3F24F5768F007A8F59 /* Info.plist */ = {isa = PBXFileReference; lastKnownFileType = text.plist.xml; path = Info.plist; sourceTree = "<group>"; };
		B4783B8A24F577C2007A8F59 /* libnetcdf.a */ = {isa = PBXFileReference; lastKnownFileType = archive.ar; path = libnetcdf.a; sourceTree = "<group>"; };
		B4783B8B24F577C2007A8F59 /* netcdf.h */ = {isa = PBXFileReference; fileEncoding = 4; lastKnownFileType = sourcecode.c.h; path = netcdf.h; sourceTree = "<group>"; };
		B4783B9224F577DF007A8F59 /* NCDFSeriesHandle.h */ = {isa = PBXFileReference; fileEncoding = 4; lastKnownFileType = sourcecode.c.h; path = NCDFSeriesHandle.h; sourceTree = "<group>"; };
		B4783B9324F577E0007A8F59 /* NCDFProtocols.h */ = {isa = PBXFileReference; fileEncoding = 4; lastKnownFileType = sourcecode.c.h; path = NCDFProtocols.h; sourceTree = "<group>"; };
		B4783B9424F577E0007A8F59 /* NCDFVariable.m */ = {isa = PBXFileReference; fileEncoding = 4; lastKnownFileType = sourcecode.c.objc; path = NCDFVariable.m; sourceTree = "<group>"; };
		B4783B9524F577E0007A8F59 /* NCDFAttribute.m */ = {isa = PBXFileReference; fileEncoding = 4; lastKnownFileType = sourcecode.c.objc; path = NCDFAttribute.m; sourceTree = "<group>"; };
		B4783B9624F577E0007A8F59 /* NCDFDimension.h */ = {isa = PBXFileReference; fileEncoding = 4; lastKnownFileType = sourcecode.c.h; path = NCDFDimension.h; sourceTree = "<group>"; };
		B4783B9724F577E0007A8F59 /* NCDFDimension.m */ = {isa = PBXFileReference; fileEncoding = 4; lastKnownFileType = sourcecode.c.objc; path = NCDFDimension.m; sourceTree = "<group>"; };
		B4783B9824F577E0007A8F59 /* NCDFSeriesVariable.h */ = {isa = PBXFileReference; fileEncoding = 4; lastKnownFileType = sourcecode.c.h; path = NCDFSeriesVariable.h; sourceTree = "<group>"; };
		B4783B9924F577E0007A8F59 /* NCDFHandle.h */ = {isa = PBXFileReference; fileEncoding = 4; lastKnownFileType = sourcecode.c.h; path = NCDFHandle.h; sourceTree = "<group>"; };
		B4783B9A24F577E0007A8F59 /* NCDFVariable.h */ = {isa = PBXFileReference; fileEncoding = 4; lastKnownFileType = sourcecode.c.h; path = NCDFVariable.h; sourceTree = "<group>"; };
		B4783B9B24F577E0007A8F59 /* NCDFVariableByteSizeFormatter.m */ = {isa = PBXFileReference; fileEncoding = 4; lastKnownFileType = sourcecode.c.objc; path = NCDFVariableByteSizeFormatter.m; sourceTree = "<group>"; };
		B4783B9C24F577E1007A8F59 /* NCDFDataTypeFormatter.m */ = {isa = PBXFileReference; fileEncoding = 4; lastKnownFileType = sourcecode.c.objc; path = NCDFDataTypeFormatter.m; sourceTree = "<group>"; };
		B4783B9D24F577E1007A8F59 /* NCDFSeriesDimension.h */ = {isa = PBXFileReference; fileEncoding = 4; lastKnownFileType = sourcecode.c.h; path = NCDFSeriesDimension.h; sourceTree = "<group>"; };
		B4783B9E24F577E1007A8F59 /* NCDFNameFormatter.m */ = {isa = PBXFileReference; fileEncoding = 4; lastKnownFileType = sourcecode.c.objc; path = NCDFNameFormatter.m; sourceTree = "<group>"; };
		B4783B9F24F577E1007A8F59 /* NCDFNetCDF.h */ = {isa = PBXFileReference; fileEncoding = 4; lastKnownFileType = sourcecode.c.h; path = NCDFNetCDF.h; sourceTree = "<group>"; };
		B4783BA024F577E1007A8F59 /* NCDFError.m */ = {isa = PBXFileReference; fileEncoding = 4; lastKnownFileType = sourcecode.c.objc; path = NCDFError.m; sourceTree = "<group>"; };
		B4783BA124F577E1007A8F59 /* NCDFSeriesDimension.m */ = {isa = PBXFileReference; fileEncoding = 4; lastKnownFileType = sourcecode.c.objc; path = NCDFSeriesDimension.m; sourceTree = "<group>"; };
		B4783BA224F577E1007A8F59 /* NCDFNameFormatter.h */ = {isa = PBXFileReference; fileEncoding = 4; lastKnownFileType = sourcecode.c.h; path = NCDFNameFormatter.h; sourceTree = "<group>"; };
		B4783BA324F577E1007A8F59 /* NCDFVariableByteSizeFormatter.h */ = {isa = PBXFileReference; fileEncoding = 4; lastKnownFileType = sourcecode.c.h; path = NCDFVariableByteSizeFormatter.h; sourceTree = "<group>"; };
		B4783BA424F577E1007A8F59 /* NCDFError.h */ = {isa = PBXFileReference; fileEncoding = 4; lastKnownFileType = sourcecode.c.h; path = NCDFError.h; sourceTree = "<group>"; };
		B4783BA524F577E1007A8F59 /* NCDFHandle.m */ = {isa = PBXFileReference; fileEncoding = 4; lastKnownFileType = sourcecode.c.objc; path = NCDFHandle.m; sourceTree = "<group>"; };
		B4783BA624F577E2007A8F59 /* NCDFDataTypeFormatter.h */ = {isa = PBXFileReference; fileEncoding = 4; lastKnownFileType = sourcecode.c.h; path = NCDFDataTypeFormatter.h; sourceTree = "<group>"; };
		B4783BA724F577E2007A8F59 /* NCDFAttribute.h */ = {isa = PBXFileReference; fileEncoding = 4; lastKnownFileType = sourcecode.c.h; path = NCDFAttribute.h; sourceTree = "<group>"; };
		B4783BA824F577E2007A8F59 /* NCDFErrorHandle.m */ = {isa = PBXFileReference; fileEncoding = 4; lastKnownFileType = sourcecode.c.objc; path = NCDFErrorHandle.m; sourceTree = "<group>"; };
		B4783BA924F577E2007A8F59 /* NCDFSeriesHandle.m */ = {isa = PBXFileReference; fileEncoding = 4; lastKnownFileType = sourcecode.c.objc; path = NCDFSeriesHandle.m; sourceTree = "<group>"; };
		B4783BAA24F577E2007A8F59 /* NCDFSlab.m */ = {isa = PBXFileReference; fileEncoding = 4; lastKnownFileType = sourcecode.c.objc; path = NCDFSlab.m; sourceTree = "<group>"; };
		B4783BAB24F577E2007A8F59 /* NCDFErrorHandle.h */ = {isa = PBXFileReference; fileEncoding = 4; lastKnownFileType = sourcecode.c.h; path = NCDFErrorHandle.h; sourceTree = "<group>"; };
		B4783BAC24F577E2007A8F59 /* NCDFSeriesVariable.m */ = {isa = PBXFileReference; fileEncoding = 4; lastKnownFileType = sourcecode.c.objc; path = NCDFSeriesVariable.m; sourceTree = "<group>"; };
		B4783BAD24F577E2007A8F59 /* NCDFSlab.h */ = {isa = PBXFileReference; fileEncoding = 4; lastKnownFileType = sourcecode.c.h; path = NCDFSlab.h; sourceTree = "<group>"; };
/* End PBXFileReference section */

/* Begin PBXFrameworksBuildPhase section */
		B4783B2C24F5768F007A8F59 /* Frameworks */ = {
			isa = PBXFrameworksBuildPhase;
			buildActionMask = 2147483647;
			files = (
				B4783B8C24F577C2007A8F59 /* libnetcdf.a in Frameworks */,
			);
			runOnlyForDeploymentPostprocessing = 0;
		};
		B4783B3524F5768F007A8F59 /* Frameworks */ = {
			isa = PBXFrameworksBuildPhase;
			buildActionMask = 2147483647;
			files = (
				B4783B3924F5768F007A8F59 /* PaleoNetCDF.framework in Frameworks */,
			);
			runOnlyForDeploymentPostprocessing = 0;
		};
/* End PBXFrameworksBuildPhase section */

/* Begin PBXGroup section */
		B4783B2524F5768F007A8F59 = {
			isa = PBXGroup;
			children = (
				B4783B3224F5768F007A8F59 /* PaleoNetCDF.h */,
				B4783B3124F5768F007A8F59 /* PaleoNetCDF */,
				B4783B3C24F5768F007A8F59 /* PaleoNetCDFTests */,
				B4783B3024F5768F007A8F59 /* Products */,
			);
			sourceTree = "<group>";
		};
		B4783B3024F5768F007A8F59 /* Products */ = {
			isa = PBXGroup;
			children = (
				B4783B2F24F5768F007A8F59 /* PaleoNetCDF.framework */,
				B4783B3824F5768F007A8F59 /* PaleoNetCDFTests.xctest */,
			);
			name = Products;
			sourceTree = "<group>";
		};
		B4783B3124F5768F007A8F59 /* PaleoNetCDF */ = {
			isa = PBXGroup;
			children = (
				B4783BA724F577E2007A8F59 /* NCDFAttribute.h */,
				B4783B9524F577E0007A8F59 /* NCDFAttribute.m */,
				B4783BA624F577E2007A8F59 /* NCDFDataTypeFormatter.h */,
				B4783B9C24F577E1007A8F59 /* NCDFDataTypeFormatter.m */,
				B4783B9624F577E0007A8F59 /* NCDFDimension.h */,
				B4783B9724F577E0007A8F59 /* NCDFDimension.m */,
				B4783BA424F577E1007A8F59 /* NCDFError.h */,
				B4783BA024F577E1007A8F59 /* NCDFError.m */,
				B4783BAB24F577E2007A8F59 /* NCDFErrorHandle.h */,
				B4783BA824F577E2007A8F59 /* NCDFErrorHandle.m */,
				B4783B9924F577E0007A8F59 /* NCDFHandle.h */,
				B4783BA524F577E1007A8F59 /* NCDFHandle.m */,
				B4783BA224F577E1007A8F59 /* NCDFNameFormatter.h */,
				B4783B9E24F577E1007A8F59 /* NCDFNameFormatter.m */,
				B4783B9F24F577E1007A8F59 /* NCDFNetCDF.h */,
				B4783B9324F577E0007A8F59 /* NCDFProtocols.h */,
				B4783B9D24F577E1007A8F59 /* NCDFSeriesDimension.h */,
				B4783BA124F577E1007A8F59 /* NCDFSeriesDimension.m */,
				B4783B9224F577DF007A8F59 /* NCDFSeriesHandle.h */,
				B4783BA924F577E2007A8F59 /* NCDFSeriesHandle.m */,
				B4783B9824F577E0007A8F59 /* NCDFSeriesVariable.h */,
				B4783BAC24F577E2007A8F59 /* NCDFSeriesVariable.m */,
				B4783BAD24F577E2007A8F59 /* NCDFSlab.h */,
				B4783BAA24F577E2007A8F59 /* NCDFSlab.m */,
				B4783B9A24F577E0007A8F59 /* NCDFVariable.h */,
				B4783B9424F577E0007A8F59 /* NCDFVariable.m */,
				B4783BA324F577E1007A8F59 /* NCDFVariableByteSizeFormatter.h */,
				B4783B9B24F577E0007A8F59 /* NCDFVariableByteSizeFormatter.m */,
				B4783B3324F5768F007A8F59 /* Info.plist */,
				B4783B4924F576D3007A8F59 /* Library */,
			);
			path = PaleoNetCDF;
			sourceTree = "<group>";
		};
		B4783B3C24F5768F007A8F59 /* PaleoNetCDFTests */ = {
			isa = PBXGroup;
			children = (
				B4783B3D24F5768F007A8F59 /* PaleoNetCDFTests.m */,
				B4783B3F24F5768F007A8F59 /* Info.plist */,
			);
			path = PaleoNetCDFTests;
			sourceTree = "<group>";
		};
		B4783B4924F576D3007A8F59 /* Library */ = {
			isa = PBXGroup;
			children = (
				B4783B8A24F577C2007A8F59 /* libnetcdf.a */,
				B4783B8B24F577C2007A8F59 /* netcdf.h */,
			);
			path = Library;
			sourceTree = "<group>";
		};
/* End PBXGroup section */

/* Begin PBXHeadersBuildPhase section */
		B4783B2A24F5768F007A8F59 /* Headers */ = {
			isa = PBXHeadersBuildPhase;
			buildActionMask = 2147483647;
			files = (
				B4783BC024F577E2007A8F59 /* NCDFError.h in Headers */,
				B4783BAF24F577E2007A8F59 /* NCDFProtocols.h in Headers */,
				B4783BBE24F577E2007A8F59 /* NCDFNameFormatter.h in Headers */,
				B4783BB524F577E2007A8F59 /* NCDFHandle.h in Headers */,
				B4783BC324F577E2007A8F59 /* NCDFAttribute.h in Headers */,
				B4783BBB24F577E2007A8F59 /* NCDFNetCDF.h in Headers */,
				B4783BC224F577E2007A8F59 /* NCDFDataTypeFormatter.h in Headers */,
				B4783BB424F577E2007A8F59 /* NCDFSeriesVariable.h in Headers */,
				B4783BB624F577E2007A8F59 /* NCDFVariable.h in Headers */,
				B4783BB224F577E2007A8F59 /* NCDFDimension.h in Headers */,
				B4783BC924F577E2007A8F59 /* NCDFSlab.h in Headers */,
				B4783B8D24F577C2007A8F59 /* netcdf.h in Headers */,
				B4783BC724F577E2007A8F59 /* NCDFErrorHandle.h in Headers */,
				B4783BB924F577E2007A8F59 /* NCDFSeriesDimension.h in Headers */,
				B4783BBF24F577E2007A8F59 /* NCDFVariableByteSizeFormatter.h in Headers */,
				B4783BAE24F577E2007A8F59 /* NCDFSeriesHandle.h in Headers */,
				B4783B4024F5768F007A8F59 /* PaleoNetCDF.h in Headers */,
			);
			runOnlyForDeploymentPostprocessing = 0;
		};
/* End PBXHeadersBuildPhase section */

/* Begin PBXNativeTarget section */
		B4783B2E24F5768F007A8F59 /* PaleoNetCDF */ = {
			isa = PBXNativeTarget;
			buildConfigurationList = B4783B4324F5768F007A8F59 /* Build configuration list for PBXNativeTarget "PaleoNetCDF" */;
			buildPhases = (
				B4783B2A24F5768F007A8F59 /* Headers */,
				B4783B2B24F5768F007A8F59 /* Sources */,
				B4783B2C24F5768F007A8F59 /* Frameworks */,
				B4783B2D24F5768F007A8F59 /* Resources */,
			);
			buildRules = (
			);
			dependencies = (
			);
			name = PaleoNetCDF;
			productName = PaleoNetCDF;
			productReference = B4783B2F24F5768F007A8F59 /* PaleoNetCDF.framework */;
			productType = "com.apple.product-type.framework";
		};
		B4783B3724F5768F007A8F59 /* PaleoNetCDFTests */ = {
			isa = PBXNativeTarget;
			buildConfigurationList = B4783B4624F5768F007A8F59 /* Build configuration list for PBXNativeTarget "PaleoNetCDFTests" */;
			buildPhases = (
				B4783B3424F5768F007A8F59 /* Sources */,
				B4783B3524F5768F007A8F59 /* Frameworks */,
				B4783B3624F5768F007A8F59 /* Resources */,
			);
			buildRules = (
			);
			dependencies = (
				B4783B3B24F5768F007A8F59 /* PBXTargetDependency */,
			);
			name = PaleoNetCDFTests;
			productName = PaleoNetCDFTests;
			productReference = B4783B3824F5768F007A8F59 /* PaleoNetCDFTests.xctest */;
			productType = "com.apple.product-type.bundle.unit-test";
		};
/* End PBXNativeTarget section */

/* Begin PBXProject section */
		B4783B2624F5768F007A8F59 /* Project object */ = {
			isa = PBXProject;
			attributes = {
				LastUpgradeCheck = 1160;
				ORGANIZATIONNAME = "Thomas Moore";
				TargetAttributes = {
					B4783B2E24F5768F007A8F59 = {
						CreatedOnToolsVersion = 11.6;
					};
					B4783B3724F5768F007A8F59 = {
						CreatedOnToolsVersion = 11.6;
					};
				};
			};
			buildConfigurationList = B4783B2924F5768F007A8F59 /* Build configuration list for PBXProject "PaleoNetCDF" */;
			compatibilityVersion = "Xcode 9.3";
			developmentRegion = en;
			hasScannedForEncodings = 0;
			knownRegions = (
				en,
				Base,
			);
			mainGroup = B4783B2524F5768F007A8F59;
			productRefGroup = B4783B3024F5768F007A8F59 /* Products */;
			projectDirPath = "";
			projectRoot = "";
			targets = (
				B4783B2E24F5768F007A8F59 /* PaleoNetCDF */,
				B4783B3724F5768F007A8F59 /* PaleoNetCDFTests */,
			);
		};
/* End PBXProject section */

/* Begin PBXResourcesBuildPhase section */
		B4783B2D24F5768F007A8F59 /* Resources */ = {
			isa = PBXResourcesBuildPhase;
			buildActionMask = 2147483647;
			files = (
			);
			runOnlyForDeploymentPostprocessing = 0;
		};
		B4783B3624F5768F007A8F59 /* Resources */ = {
			isa = PBXResourcesBuildPhase;
			buildActionMask = 2147483647;
			files = (
			);
			runOnlyForDeploymentPostprocessing = 0;
		};
/* End PBXResourcesBuildPhase section */

/* Begin PBXSourcesBuildPhase section */
		B4783B2B24F5768F007A8F59 /* Sources */ = {
			isa = PBXSourcesBuildPhase;
			buildActionMask = 2147483647;
			files = (
				B4783BC124F577E2007A8F59 /* NCDFHandle.m in Sources */,
				B4783BB124F577E2007A8F59 /* NCDFAttribute.m in Sources */,
				B4783BC624F577E2007A8F59 /* NCDFSlab.m in Sources */,
				B4783BB024F577E2007A8F59 /* NCDFVariable.m in Sources */,
				B4783BC524F577E2007A8F59 /* NCDFSeriesHandle.m in Sources */,
				B4783BB724F577E2007A8F59 /* NCDFVariableByteSizeFormatter.m in Sources */,
				B4783BBC24F577E2007A8F59 /* NCDFError.m in Sources */,
				B4783BC424F577E2007A8F59 /* NCDFErrorHandle.m in Sources */,
				B4783BB324F577E2007A8F59 /* NCDFDimension.m in Sources */,
				B4783BB824F577E2007A8F59 /* NCDFDataTypeFormatter.m in Sources */,
				B4783BBA24F577E2007A8F59 /* NCDFNameFormatter.m in Sources */,
				B4783BBD24F577E2007A8F59 /* NCDFSeriesDimension.m in Sources */,
				B4783BC824F577E2007A8F59 /* NCDFSeriesVariable.m in Sources */,
			);
			runOnlyForDeploymentPostprocessing = 0;
		};
		B4783B3424F5768F007A8F59 /* Sources */ = {
			isa = PBXSourcesBuildPhase;
			buildActionMask = 2147483647;
			files = (
				B4783B3E24F5768F007A8F59 /* PaleoNetCDFTests.m in Sources */,
			);
			runOnlyForDeploymentPostprocessing = 0;
		};
/* End PBXSourcesBuildPhase section */

/* Begin PBXTargetDependency section */
		B4783B3B24F5768F007A8F59 /* PBXTargetDependency */ = {
			isa = PBXTargetDependency;
			target = B4783B2E24F5768F007A8F59 /* PaleoNetCDF */;
			targetProxy = B4783B3A24F5768F007A8F59 /* PBXContainerItemProxy */;
		};
/* End PBXTargetDependency section */

/* Begin XCBuildConfiguration section */
		B4783B4124F5768F007A8F59 /* Debug */ = {
			isa = XCBuildConfiguration;
			buildSettings = {
				ALWAYS_SEARCH_USER_PATHS = NO;
				CLANG_ANALYZER_NONNULL = YES;
				CLANG_ANALYZER_NUMBER_OBJECT_CONVERSION = YES_AGGRESSIVE;
				CLANG_CXX_LANGUAGE_STANDARD = "gnu++14";
				CLANG_CXX_LIBRARY = "libc++";
				CLANG_ENABLE_MODULES = YES;
				CLANG_ENABLE_OBJC_ARC = YES;
				CLANG_ENABLE_OBJC_WEAK = YES;
				CLANG_WARN_BLOCK_CAPTURE_AUTORELEASING = YES;
				CLANG_WARN_BOOL_CONVERSION = YES;
				CLANG_WARN_COMMA = YES;
				CLANG_WARN_CONSTANT_CONVERSION = YES;
				CLANG_WARN_DEPRECATED_OBJC_IMPLEMENTATIONS = YES;
				CLANG_WARN_DIRECT_OBJC_ISA_USAGE = YES_ERROR;
				CLANG_WARN_DOCUMENTATION_COMMENTS = YES;
				CLANG_WARN_EMPTY_BODY = YES;
				CLANG_WARN_ENUM_CONVERSION = YES;
				CLANG_WARN_INFINITE_RECURSION = YES;
				CLANG_WARN_INT_CONVERSION = YES;
				CLANG_WARN_NON_LITERAL_NULL_CONVERSION = YES;
				CLANG_WARN_OBJC_IMPLICIT_RETAIN_SELF = YES;
				CLANG_WARN_OBJC_LITERAL_CONVERSION = YES;
				CLANG_WARN_OBJC_ROOT_CLASS = YES_ERROR;
				CLANG_WARN_RANGE_LOOP_ANALYSIS = YES;
				CLANG_WARN_STRICT_PROTOTYPES = YES;
				CLANG_WARN_SUSPICIOUS_MOVE = YES;
				CLANG_WARN_UNGUARDED_AVAILABILITY = YES_AGGRESSIVE;
				CLANG_WARN_UNREACHABLE_CODE = YES;
				CLANG_WARN__DUPLICATE_METHOD_MATCH = YES;
				COPY_PHASE_STRIP = NO;
				CURRENT_PROJECT_VERSION = 1;
				DEBUG_INFORMATION_FORMAT = dwarf;
				ENABLE_STRICT_OBJC_MSGSEND = YES;
				ENABLE_TESTABILITY = YES;
				GCC_C_LANGUAGE_STANDARD = gnu11;
				GCC_DYNAMIC_NO_PIC = NO;
				GCC_NO_COMMON_BLOCKS = YES;
				GCC_OPTIMIZATION_LEVEL = 0;
				GCC_PREPROCESSOR_DEFINITIONS = (
					"DEBUG=1",
					"$(inherited)",
				);
				GCC_WARN_64_TO_32_BIT_CONVERSION = YES;
				GCC_WARN_ABOUT_RETURN_TYPE = YES_ERROR;
				GCC_WARN_UNDECLARED_SELECTOR = YES;
				GCC_WARN_UNINITIALIZED_AUTOS = YES_AGGRESSIVE;
				GCC_WARN_UNUSED_FUNCTION = YES;
				GCC_WARN_UNUSED_VARIABLE = YES;
				MACOSX_DEPLOYMENT_TARGET = 10.15;
				MTL_ENABLE_DEBUG_INFO = INCLUDE_SOURCE;
				MTL_FAST_MATH = YES;
				ONLY_ACTIVE_ARCH = YES;
				SDKROOT = macosx;
				VERSIONING_SYSTEM = "apple-generic";
				VERSION_INFO_PREFIX = "";
			};
			name = Debug;
		};
		B4783B4224F5768F007A8F59 /* Release */ = {
			isa = XCBuildConfiguration;
			buildSettings = {
				ALWAYS_SEARCH_USER_PATHS = NO;
				CLANG_ANALYZER_NONNULL = YES;
				CLANG_ANALYZER_NUMBER_OBJECT_CONVERSION = YES_AGGRESSIVE;
				CLANG_CXX_LANGUAGE_STANDARD = "gnu++14";
				CLANG_CXX_LIBRARY = "libc++";
				CLANG_ENABLE_MODULES = YES;
				CLANG_ENABLE_OBJC_ARC = YES;
				CLANG_ENABLE_OBJC_WEAK = YES;
				CLANG_WARN_BLOCK_CAPTURE_AUTORELEASING = YES;
				CLANG_WARN_BOOL_CONVERSION = YES;
				CLANG_WARN_COMMA = YES;
				CLANG_WARN_CONSTANT_CONVERSION = YES;
				CLANG_WARN_DEPRECATED_OBJC_IMPLEMENTATIONS = YES;
				CLANG_WARN_DIRECT_OBJC_ISA_USAGE = YES_ERROR;
				CLANG_WARN_DOCUMENTATION_COMMENTS = YES;
				CLANG_WARN_EMPTY_BODY = YES;
				CLANG_WARN_ENUM_CONVERSION = YES;
				CLANG_WARN_INFINITE_RECURSION = YES;
				CLANG_WARN_INT_CONVERSION = YES;
				CLANG_WARN_NON_LITERAL_NULL_CONVERSION = YES;
				CLANG_WARN_OBJC_IMPLICIT_RETAIN_SELF = YES;
				CLANG_WARN_OBJC_LITERAL_CONVERSION = YES;
				CLANG_WARN_OBJC_ROOT_CLASS = YES_ERROR;
				CLANG_WARN_RANGE_LOOP_ANALYSIS = YES;
				CLANG_WARN_STRICT_PROTOTYPES = YES;
				CLANG_WARN_SUSPICIOUS_MOVE = YES;
				CLANG_WARN_UNGUARDED_AVAILABILITY = YES_AGGRESSIVE;
				CLANG_WARN_UNREACHABLE_CODE = YES;
				CLANG_WARN__DUPLICATE_METHOD_MATCH = YES;
				COPY_PHASE_STRIP = NO;
				CURRENT_PROJECT_VERSION = 1;
				DEBUG_INFORMATION_FORMAT = "dwarf-with-dsym";
				ENABLE_NS_ASSERTIONS = NO;
				ENABLE_STRICT_OBJC_MSGSEND = YES;
				GCC_C_LANGUAGE_STANDARD = gnu11;
				GCC_NO_COMMON_BLOCKS = YES;
				GCC_WARN_64_TO_32_BIT_CONVERSION = YES;
				GCC_WARN_ABOUT_RETURN_TYPE = YES_ERROR;
				GCC_WARN_UNDECLARED_SELECTOR = YES;
				GCC_WARN_UNINITIALIZED_AUTOS = YES_AGGRESSIVE;
				GCC_WARN_UNUSED_FUNCTION = YES;
				GCC_WARN_UNUSED_VARIABLE = YES;
				MACOSX_DEPLOYMENT_TARGET = 10.15;
				MTL_ENABLE_DEBUG_INFO = NO;
				MTL_FAST_MATH = YES;
				SDKROOT = macosx;
				VERSIONING_SYSTEM = "apple-generic";
				VERSION_INFO_PREFIX = "";
			};
			name = Release;
		};
		B4783B4424F5768F007A8F59 /* Debug */ = {
			isa = XCBuildConfiguration;
			buildSettings = {
				CODE_SIGN_STYLE = Automatic;
				COMBINE_HIDPI_IMAGES = YES;
				DEFINES_MODULE = YES;
				DEVELOPMENT_TEAM = Y5R65N2GLX;
				DYLIB_COMPATIBILITY_VERSION = 1;
				DYLIB_CURRENT_VERSION = 1;
				DYLIB_INSTALL_NAME_BASE = "@rpath";
				INFOPLIST_FILE = PaleoNetCDF/Info.plist;
				INSTALL_PATH = "$(LOCAL_LIBRARY_DIR)/Frameworks";
				LD_RUNPATH_SEARCH_PATHS = (
					"$(inherited)",
					"@executable_path/../Frameworks",
					"@loader_path/Frameworks",
				);
				LIBRARY_SEARCH_PATHS = (
					"$(inherited)",
					"$(PROJECT_DIR)/PaleoNetCDF/Library",
				);
				PRODUCT_BUNDLE_IDENTIFIER = paleoterra.PaleoNetCDF;
				PRODUCT_NAME = "$(TARGET_NAME:c99extidentifier)";
				SKIP_INSTALL = YES;
			};
			name = Debug;
		};
		B4783B4524F5768F007A8F59 /* Release */ = {
			isa = XCBuildConfiguration;
			buildSettings = {
				CODE_SIGN_STYLE = Automatic;
				COMBINE_HIDPI_IMAGES = YES;
				DEFINES_MODULE = YES;
				DEVELOPMENT_TEAM = Y5R65N2GLX;
				DYLIB_COMPATIBILITY_VERSION = 1;
				DYLIB_CURRENT_VERSION = 1;
				DYLIB_INSTALL_NAME_BASE = "@rpath";
				INFOPLIST_FILE = PaleoNetCDF/Info.plist;
				INSTALL_PATH = "$(LOCAL_LIBRARY_DIR)/Frameworks";
				LD_RUNPATH_SEARCH_PATHS = (
					"$(inherited)",
					"@executable_path/../Frameworks",
					"@loader_path/Frameworks",
				);
				LIBRARY_SEARCH_PATHS = (
					"$(inherited)",
					"$(PROJECT_DIR)/PaleoNetCDF/Library",
				);
				PRODUCT_BUNDLE_IDENTIFIER = paleoterra.PaleoNetCDF;
				PRODUCT_NAME = "$(TARGET_NAME:c99extidentifier)";
				SKIP_INSTALL = YES;
			};
			name = Release;
		};
		B4783B4724F5768F007A8F59 /* Debug */ = {
			isa = XCBuildConfiguration;
			buildSettings = {
				CODE_SIGN_STYLE = Automatic;
				COMBINE_HIDPI_IMAGES = YES;
				DEVELOPMENT_TEAM = Y5R65N2GLX;
				INFOPLIST_FILE = PaleoNetCDFTests/Info.plist;
				LD_RUNPATH_SEARCH_PATHS = (
					"$(inherited)",
					"@executable_path/../Frameworks",
					"@loader_path/../Frameworks",
				);
				PRODUCT_BUNDLE_IDENTIFIER = paleoterra.PaleoNetCDFTests;
				PRODUCT_NAME = "$(TARGET_NAME)";
			};
			name = Debug;
		};
		B4783B4824F5768F007A8F59 /* Release */ = {
			isa = XCBuildConfiguration;
			buildSettings = {
				CODE_SIGN_STYLE = Automatic;
				COMBINE_HIDPI_IMAGES = YES;
				DEVELOPMENT_TEAM = Y5R65N2GLX;
				INFOPLIST_FILE = PaleoNetCDFTests/Info.plist;
				LD_RUNPATH_SEARCH_PATHS = (
					"$(inherited)",
					"@executable_path/../Frameworks",
					"@loader_path/../Frameworks",
				);
				PRODUCT_BUNDLE_IDENTIFIER = paleoterra.PaleoNetCDFTests;
				PRODUCT_NAME = "$(TARGET_NAME)";
			};
			name = Release;
		};
/* End XCBuildConfiguration section */

/* Begin XCConfigurationList section */
		B4783B2924F5768F007A8F59 /* Build configuration list for PBXProject "PaleoNetCDF" */ = {
			isa = XCConfigurationList;
			buildConfigurations = (
				B4783B4124F5768F007A8F59 /* Debug */,
				B4783B4224F5768F007A8F59 /* Release */,
			);
			defaultConfigurationIsVisible = 0;
			defaultConfigurationName = Release;
		};
		B4783B4324F5768F007A8F59 /* Build configuration list for PBXNativeTarget "PaleoNetCDF" */ = {
			isa = XCConfigurationList;
			buildConfigurations = (
				B4783B4424F5768F007A8F59 /* Debug */,
				B4783B4524F5768F007A8F59 /* Release */,
			);
			defaultConfigurationIsVisible = 0;
			defaultConfigurationName = Release;
		};
		B4783B4624F5768F007A8F59 /* Build configuration list for PBXNativeTarget "PaleoNetCDFTests" */ = {
			isa = XCConfigurationList;
			buildConfigurations = (
				B4783B4724F5768F007A8F59 /* Debug */,
				B4783B4824F5768F007A8F59 /* Release */,
			);
			defaultConfigurationIsVisible = 0;
			defaultConfigurationName = Release;
		};
/* End XCConfigurationList section */
	};
	rootObject = B4783B2624F5768F007A8F59 /* Project object */;
}
