// !$*UTF8*$!
{
	archiveVersion = 1;
	classes = {
	};
	objectVersion = 42;
	objects = {

/* Begin PBXAggregateTarget section */
		B4E1C85A092425F90014A0B6 /* API */ = {
			isa = PBXAggregateTarget;
			buildConfigurationList = B4E1C8610924260C0014A0B6 /* Build configuration list for PBXAggregateTarget "API" */;
			buildPhases = (
				B4E1C859092425F90014A0B6 /* ShellScript */,
			);
			dependencies = (
			);
			name = API;
			productName = API;
		};
/* End PBXAggregateTarget section */

/* Begin PBXBuildFile section */
		B426AE2E0A8ACC6E00E21A64 /* libnetcdf.a in Frameworks */ = {isa = PBXBuildFile; fileRef = B426AE2D0A8ACC6E00E21A64 /* libnetcdf.a */; };
		B426AE310A8ACC7600E21A64 /* libnetcdf.a in Frameworks */ = {isa = PBXBuildFile; fileRef = B426AE2D0A8ACC6E00E21A64 /* libnetcdf.a */; };
		B46DE0A7091B0BFF001A5988 /* netcdf.h in Headers */ = {isa = PBXBuildFile; fileRef = B4326AC1090F2F8B000B7357 /* netcdf.h */; settings = {ATTRIBUTES = (Public, ); }; };
		B46DE0A8091B0C11001A5988 /* NCDFAttribute.h in Headers */ = {isa = PBXBuildFile; fileRef = F59DFCF7021B0C04018B4C67 /* NCDFAttribute.h */; settings = {ATTRIBUTES = (Public, ); }; };
		B46DE0A9091B0C12001A5988 /* NCDFAttribute.m in Sources */ = {isa = PBXBuildFile; fileRef = F59DFCF8021B0C04018B4C67 /* NCDFAttribute.m */; };
		B46DE0AA091B0C14001A5988 /* NCDFDataTypeFormatter.h in Headers */ = {isa = PBXBuildFile; fileRef = F5865CD503816861018B4C9C /* NCDFDataTypeFormatter.h */; settings = {ATTRIBUTES = (Public, ); }; };
		B46DE0AB091B0C15001A5988 /* NCDFDataTypeFormatter.m in Sources */ = {isa = PBXBuildFile; fileRef = F5865CD603816861018B4C9C /* NCDFDataTypeFormatter.m */; };
		B46DE0AC091B0C16001A5988 /* NCDFDimension.h in Headers */ = {isa = PBXBuildFile; fileRef = F59DFC9C021AEE5F018B4C67 /* NCDFDimension.h */; settings = {ATTRIBUTES = (Public, ); }; };
		B46DE0AD091B0C17001A5988 /* NCDFDimension.m in Sources */ = {isa = PBXBuildFile; fileRef = F59DFC9D021AEE5F018B4C67 /* NCDFDimension.m */; };
		B46DE0AE091B0C18001A5988 /* NCDFError.h in Headers */ = {isa = PBXBuildFile; fileRef = F577E7EF02F7267901EA6D6B /* NCDFError.h */; settings = {ATTRIBUTES = (Public, ); }; };
		B46DE0AF091B0C19001A5988 /* NCDFError.m in Sources */ = {isa = PBXBuildFile; fileRef = F577E7F002F7267901EA6D6B /* NCDFError.m */; };
		B46DE0B0091B0C1A001A5988 /* NCDFErrorHandle.h in Headers */ = {isa = PBXBuildFile; fileRef = F577E7FA02F874FD01EA6D6B /* NCDFErrorHandle.h */; settings = {ATTRIBUTES = (Public, ); }; };
		B46DE0B1091B0C1A001A5988 /* NCDFErrorHandle.m in Sources */ = {isa = PBXBuildFile; fileRef = F577E7FB02F874FD01EA6D6B /* NCDFErrorHandle.m */; };
		B46DE0B2091B0C1B001A5988 /* NCDFHandle.h in Headers */ = {isa = PBXBuildFile; fileRef = F59DFC8E021AE71B018B4C67 /* NCDFHandle.h */; settings = {ATTRIBUTES = (Public, ); }; };
		B46DE0B3091B0C1C001A5988 /* NCDFHandle.m in Sources */ = {isa = PBXBuildFile; fileRef = F59DFC8F021AE71B018B4C67 /* NCDFHandle.m */; };
		B46DE0B4091B0C1D001A5988 /* NCDFNameFormatter.h in Headers */ = {isa = PBXBuildFile; fileRef = F586675603845383018B4C9C /* NCDFNameFormatter.h */; settings = {ATTRIBUTES = (Public, ); }; };
		B46DE0B5091B0C1E001A5988 /* NCDFNameFormatter.m in Sources */ = {isa = PBXBuildFile; fileRef = F586675703845383018B4C9C /* NCDFNameFormatter.m */; };
		B46DE0B6091B0C1F001A5988 /* NCDFNetCDF.h in Headers */ = {isa = PBXBuildFile; fileRef = F59DFCFF021B19B0018B4C67 /* NCDFNetCDF.h */; settings = {ATTRIBUTES = (Public, ); }; };
		B46DE0B7091B0C20001A5988 /* NCDFVariable.h in Headers */ = {isa = PBXBuildFile; fileRef = F59DFCFB021B183E018B4C67 /* NCDFVariable.h */; settings = {ATTRIBUTES = (Public, ); }; };
		B46DE0B8091B0C21001A5988 /* NCDFVariable.m in Sources */ = {isa = PBXBuildFile; fileRef = F59DFCFC021B183E018B4C67 /* NCDFVariable.m */; };
		B46DE0B9091B0C22001A5988 /* NCDFVariableByteSizeFormatter.h in Headers */ = {isa = PBXBuildFile; fileRef = F5865CDC03816E68018B4C9C /* NCDFVariableByteSizeFormatter.h */; settings = {ATTRIBUTES = (Public, ); }; };
		B46DE0BA091B0C23001A5988 /* NCDFVariableByteSizeFormatter.m in Sources */ = {isa = PBXBuildFile; fileRef = F5865CDD03816E68018B4C9C /* NCDFVariableByteSizeFormatter.m */; };
		B46DE0BF091B0C4D001A5988 /* InfoPlist.strings in Resources */ = {isa = PBXBuildFile; fileRef = 089C1666FE841158C02AAC07 /* InfoPlist.strings */; };
		B46DE0C0091B0C4D001A5988 /* NCDFError.strings in Resources */ = {isa = PBXBuildFile; fileRef = F577E7F302F7319701EA6D6B /* NCDFError.strings */; };
		B4E54694093D483A00794457 /* SenTestingKit.framework in Frameworks */ = {isa = PBXBuildFile; fileRef = B4E5467F093D483A00794457 /* SenTestingKit.framework */; };
		B4E546F8093D4D8700794457 /* NCDFHandleTest.m in Sources */ = {isa = PBXBuildFile; fileRef = F577E7EA02F58D3D01EA6D6B /* NCDFHandleTest.m */; };
		B4E546F9093D4D8700794457 /* NCDFErrorTester.m in Sources */ = {isa = PBXBuildFile; fileRef = F577E7F702F73B1801EA6D6B /* NCDFErrorTester.m */; };
		B4E546FA093D4D8700794457 /* NCDFErrorHandleTester.m in Sources */ = {isa = PBXBuildFile; fileRef = F577E7FF02F8761A01EA6D6B /* NCDFErrorHandleTester.m */; };
/* End PBXBuildFile section */

/* Begin PBXBuildRule section */
		B46DE0A5091B0BDA001A5988 /* PBXBuildRule */ = {
			isa = PBXBuildRule;
			compilerSpec = com.apple.compilers.gcc;
			fileType = sourcecode.c;
			isEditable = 1;
			outputFiles = (
			);
		};
		B46DE0A6091B0BE3001A5988 /* PBXBuildRule */ = {
			isa = PBXBuildRule;
			compilerSpec = com.apple.compilers.gcc;
			fileType = sourcecode.asm;
			isEditable = 1;
			outputFiles = (
			);
		};
/* End PBXBuildRule section */

/* Begin PBXContainerItemProxy section */
		B4E54641093D432600794457 /* PBXContainerItemProxy */ = {
			isa = PBXContainerItemProxy;
			containerPortal = 0867D690FE84028FC02AAC07 /* Project object */;
			proxyType = 1;
			remoteGlobalIDString = B46DE09D091B0BD1001A5988;
			remoteInfo = netcdf;
		};
/* End PBXContainerItemProxy section */

/* Begin PBXFileReference section */
		0867D69BFE84028FC02AAC07 /* Foundation.framework */ = {isa = PBXFileReference; lastKnownFileType = wrapper.framework; name = Foundation.framework; path = /System/Library/Frameworks/Foundation.framework; sourceTree = "<absolute>"; };
		0867D6A5FE840307C02AAC07 /* AppKit.framework */ = {isa = PBXFileReference; lastKnownFileType = wrapper.framework; name = AppKit.framework; path = /System/Library/Frameworks/AppKit.framework; sourceTree = "<absolute>"; };
		089C1667FE841158C02AAC07 /* English */ = {isa = PBXFileReference; fileEncoding = 10; lastKnownFileType = text.plist.strings; name = English; path = English.lproj/InfoPlist.strings; sourceTree = "<group>"; };
		08FB77B4FE84181DC02AAC07 /* main.c */ = {isa = PBXFileReference; fileEncoding = 30; lastKnownFileType = sourcecode.c.c; path = main.c; sourceTree = "<group>"; };
		1058C7B1FEA5585E11CA2CBB /* Cocoa.framework */ = {isa = PBXFileReference; lastKnownFileType = wrapper.framework; name = Cocoa.framework; path = /System/Library/Frameworks/Cocoa.framework; sourceTree = "<absolute>"; };
		B426AE2D0A8ACC6E00E21A64 /* libnetcdf.a */ = {isa = PBXFileReference; lastKnownFileType = archive.ar; path = libnetcdf.a; sourceTree = "<group>"; };
		B4326AC1090F2F8B000B7357 /* netcdf.h */ = {isa = PBXFileReference; fileEncoding = 30; lastKnownFileType = sourcecode.c.h; path = netcdf.h; sourceTree = "<group>"; };
		B46DE09E091B0BD1001A5988 /* netcdf.framework */ = {isa = PBXFileReference; explicitFileType = wrapper.framework; includeInIndex = 0; path = netcdf.framework; sourceTree = BUILT_PRODUCTS_DIR; };
		B46DE09F091B0BD1001A5988 /* netcdf-Info.plist */ = {isa = PBXFileReference; lastKnownFileType = text.xml; path = "netcdf-Info.plist"; sourceTree = "<group>"; };
		B4E1C853092424D00014A0B6 /* UC.config */ = {isa = PBXFileReference; fileEncoding = 4; lastKnownFileType = text; path = UC.config; sourceTree = "<group>"; };
		B4E1C88D09242AFA0014A0B6 /* netcdf.hdoc */ = {isa = PBXFileReference; fileEncoding = 4; lastKnownFileType = text; path = netcdf.hdoc; sourceTree = "<group>"; };
		B4E5463A093D432000794457 /* UnitTests.octest */ = {isa = PBXFileReference; explicitFileType = wrapper.cfbundle; includeInIndex = 0; path = UnitTests.octest; sourceTree = BUILT_PRODUCTS_DIR; };
		B4E5463B093D432000794457 /* UnitTests-Info.plist */ = {isa = PBXFileReference; lastKnownFileType = text.xml; path = "UnitTests-Info.plist"; sourceTree = "<group>"; };
		B4E5467F093D483A00794457 /* SenTestingKit.framework */ = {isa = PBXFileReference; lastKnownFileType = wrapper.framework; name = SenTestingKit.framework; path = /System/Library/Frameworks/SenTestingKit.framework; sourceTree = "<absolute>"; };
		F577E7E902F58D3D01EA6D6B /* NCDFHandleTest.h */ = {isa = PBXFileReference; fileEncoding = 30; lastKnownFileType = sourcecode.c.h; path = NCDFHandleTest.h; sourceTree = "<group>"; };
		F577E7EA02F58D3D01EA6D6B /* NCDFHandleTest.m */ = {isa = PBXFileReference; fileEncoding = 30; lastKnownFileType = sourcecode.c.objc; path = NCDFHandleTest.m; sourceTree = "<group>"; };
		F577E7EF02F7267901EA6D6B /* NCDFError.h */ = {isa = PBXFileReference; fileEncoding = 30; lastKnownFileType = sourcecode.c.h; path = NCDFError.h; sourceTree = "<group>"; };
		F577E7F002F7267901EA6D6B /* NCDFError.m */ = {isa = PBXFileReference; fileEncoding = 30; lastKnownFileType = sourcecode.c.objc; path = NCDFError.m; sourceTree = "<group>"; };
		F577E7F402F7319701EA6D6B /* NCDFError.strings */ = {isa = PBXFileReference; fileEncoding = 10; lastKnownFileType = text.plist.strings; name = NCDFError.strings; path = English.lproj/NCDFError.strings; sourceTree = "<group>"; };
		F577E7F602F73B1801EA6D6B /* NCDFErrorTester.h */ = {isa = PBXFileReference; fileEncoding = 30; lastKnownFileType = sourcecode.c.h; path = NCDFErrorTester.h; sourceTree = "<group>"; };
		F577E7F702F73B1801EA6D6B /* NCDFErrorTester.m */ = {isa = PBXFileReference; fileEncoding = 30; lastKnownFileType = sourcecode.c.objc; path = NCDFErrorTester.m; sourceTree = "<group>"; };
		F577E7FA02F874FD01EA6D6B /* NCDFErrorHandle.h */ = {isa = PBXFileReference; fileEncoding = 30; lastKnownFileType = sourcecode.c.h; path = NCDFErrorHandle.h; sourceTree = "<group>"; };
		F577E7FB02F874FD01EA6D6B /* NCDFErrorHandle.m */ = {isa = PBXFileReference; fileEncoding = 30; lastKnownFileType = sourcecode.c.objc; path = NCDFErrorHandle.m; sourceTree = "<group>"; };
		F577E7FE02F8761A01EA6D6B /* NCDFErrorHandleTester.h */ = {isa = PBXFileReference; fileEncoding = 30; lastKnownFileType = sourcecode.c.h; path = NCDFErrorHandleTester.h; sourceTree = "<group>"; };
		F577E7FF02F8761A01EA6D6B /* NCDFErrorHandleTester.m */ = {isa = PBXFileReference; fileEncoding = 30; lastKnownFileType = sourcecode.c.objc; path = NCDFErrorHandleTester.m; sourceTree = "<group>"; };
		F5865CD503816861018B4C9C /* NCDFDataTypeFormatter.h */ = {isa = PBXFileReference; fileEncoding = 30; lastKnownFileType = sourcecode.c.h; path = NCDFDataTypeFormatter.h; sourceTree = "<group>"; };
		F5865CD603816861018B4C9C /* NCDFDataTypeFormatter.m */ = {isa = PBXFileReference; fileEncoding = 30; lastKnownFileType = sourcecode.c.objc; path = NCDFDataTypeFormatter.m; sourceTree = "<group>"; };
		F5865CDC03816E68018B4C9C /* NCDFVariableByteSizeFormatter.h */ = {isa = PBXFileReference; fileEncoding = 30; lastKnownFileType = sourcecode.c.h; path = NCDFVariableByteSizeFormatter.h; sourceTree = "<group>"; };
		F5865CDD03816E68018B4C9C /* NCDFVariableByteSizeFormatter.m */ = {isa = PBXFileReference; fileEncoding = 30; lastKnownFileType = sourcecode.c.objc; path = NCDFVariableByteSizeFormatter.m; sourceTree = "<group>"; };
		F586675603845383018B4C9C /* NCDFNameFormatter.h */ = {isa = PBXFileReference; fileEncoding = 30; lastKnownFileType = sourcecode.c.h; path = NCDFNameFormatter.h; sourceTree = "<group>"; };
		F586675703845383018B4C9C /* NCDFNameFormatter.m */ = {isa = PBXFileReference; fileEncoding = 30; lastKnownFileType = sourcecode.c.objc; path = NCDFNameFormatter.m; sourceTree = "<group>"; };
		F59DFC8E021AE71B018B4C67 /* NCDFHandle.h */ = {isa = PBXFileReference; fileEncoding = 30; lastKnownFileType = sourcecode.c.h; path = NCDFHandle.h; sourceTree = "<group>"; };
		F59DFC8F021AE71B018B4C67 /* NCDFHandle.m */ = {isa = PBXFileReference; fileEncoding = 30; lastKnownFileType = sourcecode.c.objc; path = NCDFHandle.m; sourceTree = "<group>"; };
		F59DFC9C021AEE5F018B4C67 /* NCDFDimension.h */ = {isa = PBXFileReference; fileEncoding = 30; lastKnownFileType = sourcecode.c.h; path = NCDFDimension.h; sourceTree = "<group>"; };
		F59DFC9D021AEE5F018B4C67 /* NCDFDimension.m */ = {isa = PBXFileReference; fileEncoding = 30; lastKnownFileType = sourcecode.c.objc; path = NCDFDimension.m; sourceTree = "<group>"; };
		F59DFCF7021B0C04018B4C67 /* NCDFAttribute.h */ = {isa = PBXFileReference; fileEncoding = 30; lastKnownFileType = sourcecode.c.h; path = NCDFAttribute.h; sourceTree = "<group>"; };
		F59DFCF8021B0C04018B4C67 /* NCDFAttribute.m */ = {isa = PBXFileReference; fileEncoding = 30; lastKnownFileType = sourcecode.c.objc; path = NCDFAttribute.m; sourceTree = "<group>"; };
		F59DFCFB021B183E018B4C67 /* NCDFVariable.h */ = {isa = PBXFileReference; fileEncoding = 30; lastKnownFileType = sourcecode.c.h; path = NCDFVariable.h; sourceTree = "<group>"; };
		F59DFCFC021B183E018B4C67 /* NCDFVariable.m */ = {isa = PBXFileReference; fileEncoding = 30; lastKnownFileType = sourcecode.c.objc; path = NCDFVariable.m; sourceTree = "<group>"; };
		F59DFCFF021B19B0018B4C67 /* NCDFNetCDF.h */ = {isa = PBXFileReference; fileEncoding = 30; lastKnownFileType = sourcecode.c.h; path = NCDFNetCDF.h; sourceTree = "<group>"; };
/* End PBXFileReference section */

/* Begin PBXFrameworksBuildPhase section */
		B46DE09C091B0BD1001A5988 /* Frameworks */ = {
			isa = PBXFrameworksBuildPhase;
			buildActionMask = 2147483647;
			files = (
				B426AE310A8ACC7600E21A64 /* libnetcdf.a in Frameworks */,
			);
			runOnlyForDeploymentPostprocessing = 0;
		};
		B4E54637093D432000794457 /* Frameworks */ = {
			isa = PBXFrameworksBuildPhase;
			buildActionMask = 2147483647;
			files = (
				B4E54694093D483A00794457 /* SenTestingKit.framework in Frameworks */,
				B426AE2E0A8ACC6E00E21A64 /* libnetcdf.a in Frameworks */,
			);
			runOnlyForDeploymentPostprocessing = 0;
		};
/* End PBXFrameworksBuildPhase section */

/* Begin PBXGroup section */
		034768DFFF38A50411DB9C8B /* Products */ = {
			isa = PBXGroup;
			children = (
				B46DE09E091B0BD1001A5988 /* netcdf.framework */,
				B4E5463A093D432000794457 /* UnitTests.octest */,
			);
			name = Products;
			sourceTree = "<group>";
		};
		0867D691FE84028FC02AAC07 /* netcdf */ = {
			isa = PBXGroup;
			children = (
				B4E1C852092424980014A0B6 /* API Documentation */,
				B4326ABE090F2F57000B7357 /* netcdf */,
				08FB77AEFE84172EC02AAC07 /* Classes */,
				F577E7E602F58A3301EA6D6B /* Tests */,
				089C1665FE841158C02AAC07 /* Resources */,
				0867D69AFE84028FC02AAC07 /* External Frameworks and Libraries */,
				034768DFFF38A50411DB9C8B /* Products */,
				B46DE09F091B0BD1001A5988 /* netcdf-Info.plist */,
				B4E5463B093D432000794457 /* UnitTests-Info.plist */,
			);
			name = netcdf;
			sourceTree = "<group>";
		};
		0867D69AFE84028FC02AAC07 /* External Frameworks and Libraries */ = {
			isa = PBXGroup;
			children = (
				B4E5467F093D483A00794457 /* SenTestingKit.framework */,
				1058C7B0FEA5585E11CA2CBB /* Linked Frameworks */,
				1058C7B2FEA5585E11CA2CBB /* Other Frameworks */,
			);
			name = "External Frameworks and Libraries";
			sourceTree = "<group>";
		};
		089C1665FE841158C02AAC07 /* Resources */ = {
			isa = PBXGroup;
			children = (
				089C1666FE841158C02AAC07 /* InfoPlist.strings */,
				F577E7F302F7319701EA6D6B /* NCDFError.strings */,
			);
			name = Resources;
			sourceTree = "<group>";
		};
		08FB77AEFE84172EC02AAC07 /* Classes */ = {
			isa = PBXGroup;
			children = (
				08FB77B4FE84181DC02AAC07 /* main.c */,
				F59DFC8E021AE71B018B4C67 /* NCDFHandle.h */,
				F59DFC8F021AE71B018B4C67 /* NCDFHandle.m */,
				F59DFC9C021AEE5F018B4C67 /* NCDFDimension.h */,
				F59DFC9D021AEE5F018B4C67 /* NCDFDimension.m */,
				F59DFCF7021B0C04018B4C67 /* NCDFAttribute.h */,
				F59DFCF8021B0C04018B4C67 /* NCDFAttribute.m */,
				F59DFCFB021B183E018B4C67 /* NCDFVariable.h */,
				F59DFCFC021B183E018B4C67 /* NCDFVariable.m */,
				F59DFCFF021B19B0018B4C67 /* NCDFNetCDF.h */,
				F577E7EF02F7267901EA6D6B /* NCDFError.h */,
				F577E7F002F7267901EA6D6B /* NCDFError.m */,
				F577E7FA02F874FD01EA6D6B /* NCDFErrorHandle.h */,
				F577E7FB02F874FD01EA6D6B /* NCDFErrorHandle.m */,
				F5865CD503816861018B4C9C /* NCDFDataTypeFormatter.h */,
				F5865CD603816861018B4C9C /* NCDFDataTypeFormatter.m */,
				F5865CDC03816E68018B4C9C /* NCDFVariableByteSizeFormatter.h */,
				F5865CDD03816E68018B4C9C /* NCDFVariableByteSizeFormatter.m */,
				F586675603845383018B4C9C /* NCDFNameFormatter.h */,
				F586675703845383018B4C9C /* NCDFNameFormatter.m */,
			);
			name = Classes;
			sourceTree = "<group>";
		};
		1058C7B0FEA5585E11CA2CBB /* Linked Frameworks */ = {
			isa = PBXGroup;
			children = (
				1058C7B1FEA5585E11CA2CBB /* Cocoa.framework */,
			);
			name = "Linked Frameworks";
			sourceTree = "<group>";
		};
		1058C7B2FEA5585E11CA2CBB /* Other Frameworks */ = {
			isa = PBXGroup;
			children = (
				0867D69BFE84028FC02AAC07 /* Foundation.framework */,
				0867D6A5FE840307C02AAC07 /* AppKit.framework */,
			);
			name = "Other Frameworks";
			sourceTree = "<group>";
		};
		B4326ABE090F2F57000B7357 /* netcdf */ = {
			isa = PBXGroup;
			children = (
				B4326AC1090F2F8B000B7357 /* netcdf.h */,
				B426AE2D0A8ACC6E00E21A64 /* libnetcdf.a */,
			);
			name = netcdf;
			sourceTree = "<group>";
		};
		B4E1C852092424980014A0B6 /* API Documentation */ = {
			isa = PBXGroup;
			children = (
				B4E1C853092424D00014A0B6 /* UC.config */,
				B4E1C88D09242AFA0014A0B6 /* netcdf.hdoc */,
			);
			name = "API Documentation";
			sourceTree = "<group>";
		};
		F577E7E602F58A3301EA6D6B /* Tests */ = {
			isa = PBXGroup;
			children = (
				F577E7E902F58D3D01EA6D6B /* NCDFHandleTest.h */,
				F577E7EA02F58D3D01EA6D6B /* NCDFHandleTest.m */,
				F577E7F602F73B1801EA6D6B /* NCDFErrorTester.h */,
				F577E7F702F73B1801EA6D6B /* NCDFErrorTester.m */,
				F577E7FE02F8761A01EA6D6B /* NCDFErrorHandleTester.h */,
				F577E7FF02F8761A01EA6D6B /* NCDFErrorHandleTester.m */,
			);
			name = Tests;
			sourceTree = "<group>";
		};
/* End PBXGroup section */

/* Begin PBXHeadersBuildPhase section */
		B46DE099091B0BD1001A5988 /* Headers */ = {
			isa = PBXHeadersBuildPhase;
			buildActionMask = 2147483647;
			files = (
				B46DE0A7091B0BFF001A5988 /* netcdf.h in Headers */,
				B46DE0A8091B0C11001A5988 /* NCDFAttribute.h in Headers */,
				B46DE0AA091B0C14001A5988 /* NCDFDataTypeFormatter.h in Headers */,
				B46DE0AC091B0C16001A5988 /* NCDFDimension.h in Headers */,
				B46DE0AE091B0C18001A5988 /* NCDFError.h in Headers */,
				B46DE0B0091B0C1A001A5988 /* NCDFErrorHandle.h in Headers */,
				B46DE0B2091B0C1B001A5988 /* NCDFHandle.h in Headers */,
				B46DE0B4091B0C1D001A5988 /* NCDFNameFormatter.h in Headers */,
				B46DE0B6091B0C1F001A5988 /* NCDFNetCDF.h in Headers */,
				B46DE0B7091B0C20001A5988 /* NCDFVariable.h in Headers */,
				B46DE0B9091B0C22001A5988 /* NCDFVariableByteSizeFormatter.h in Headers */,
			);
			runOnlyForDeploymentPostprocessing = 0;
		};
/* End PBXHeadersBuildPhase section */

/* Begin PBXNativeTarget section */
		B46DE09D091B0BD1001A5988 /* netcdf */ = {
			isa = PBXNativeTarget;
			buildConfigurationList = B46DE0A0091B0BD2001A5988 /* Build configuration list for PBXNativeTarget "netcdf" */;
			buildPhases = (
				B46DE099091B0BD1001A5988 /* Headers */,
				B46DE09A091B0BD1001A5988 /* Resources */,
				B46DE09B091B0BD1001A5988 /* Sources */,
				B46DE09C091B0BD1001A5988 /* Frameworks */,
			);
			buildRules = (
				B46DE0A6091B0BE3001A5988 /* PBXBuildRule */,
				B46DE0A5091B0BDA001A5988 /* PBXBuildRule */,
			);
			dependencies = (
			);
			name = netcdf;
			productName = netcdf;
			productReference = B46DE09E091B0BD1001A5988 /* netcdf.framework */;
			productType = "com.apple.product-type.framework";
		};
		B4E54639093D432000794457 /* UnitTests */ = {
			isa = PBXNativeTarget;
			buildConfigurationList = B4E5463C093D432100794457 /* Build configuration list for PBXNativeTarget "UnitTests" */;
			buildPhases = (
				B4E54635093D432000794457 /* Resources */,
				B4E54636093D432000794457 /* Sources */,
				B4E54637093D432000794457 /* Frameworks */,
				B4E54638093D432000794457 /* ShellScript */,
			);
			buildRules = (
			);
			dependencies = (
				B4E54642093D432600794457 /* PBXTargetDependency */,
			);
			name = UnitTests;
			productName = UnitTests;
			productReference = B4E5463A093D432000794457 /* UnitTests.octest */;
			productType = "com.apple.product-type.bundle";
		};
/* End PBXNativeTarget section */

/* Begin PBXProject section */
		0867D690FE84028FC02AAC07 /* Project object */ = {
			isa = PBXProject;
			buildConfigurationList = B4244EB308F4659B0030396F /* Build configuration list for PBXProject "netcdf" */;
			hasScannedForEncodings = 1;
			mainGroup = 0867D691FE84028FC02AAC07 /* netcdf */;
			productRefGroup = 034768DFFF38A50411DB9C8B /* Products */;
			projectDirPath = "";
			targets = (
				B46DE09D091B0BD1001A5988 /* netcdf */,
				B4E1C85A092425F90014A0B6 /* API */,
				B4E54639093D432000794457 /* UnitTests */,
			);
		};
/* End PBXProject section */

/* Begin PBXResourcesBuildPhase section */
		B46DE09A091B0BD1001A5988 /* Resources */ = {
			isa = PBXResourcesBuildPhase;
			buildActionMask = 2147483647;
			files = (
				B46DE0BF091B0C4D001A5988 /* InfoPlist.strings in Resources */,
				B46DE0C0091B0C4D001A5988 /* NCDFError.strings in Resources */,
			);
			runOnlyForDeploymentPostprocessing = 0;
		};
		B4E54635093D432000794457 /* Resources */ = {
			isa = PBXResourcesBuildPhase;
			buildActionMask = 2147483647;
			files = (
			);
			runOnlyForDeploymentPostprocessing = 0;
		};
/* End PBXResourcesBuildPhase section */

/* Begin PBXShellScriptBuildPhase section */
		B4E1C859092425F90014A0B6 /* ShellScript */ = {
			isa = PBXShellScriptBuildPhase;
			buildActionMask = 2147483647;
			files = (
			);
			inputPaths = (
			);
			outputPaths = (
			);
			runOnlyForDeploymentPostprocessing = 0;
			shellPath = /bin/sh;
			shellScript = "# shell script goes here\n\nAPI_TARGET=\"$TARGET_BUILD_DIR/API\"\n\nif [ -f \"$API_TARGET\" ] ; then\n\trm -Rf $API_TARGET\nfi\nmkdir $API_TARGET\ncp *.hdoc $API_TARGET/\n/usr/bin/headerdoc2html -o $API_TARGET *.h\n\n/usr/bin/gatherheaderdoc $API_TARGET\nexit 0";
		};
		B4E54638093D432000794457 /* ShellScript */ = {
			isa = PBXShellScriptBuildPhase;
			buildActionMask = 2147483647;
			files = (
			);
			inputPaths = (
			);
			outputPaths = (
			);
			runOnlyForDeploymentPostprocessing = 0;
			shellPath = /bin/sh;
			shellScript = "# Run the unit tests in this test bundle.\n\"${SYSTEM_DEVELOPER_DIR}/Tools/RunUnitTests\"\n";
		};
/* End PBXShellScriptBuildPhase section */

/* Begin PBXSourcesBuildPhase section */
		B46DE09B091B0BD1001A5988 /* Sources */ = {
			isa = PBXSourcesBuildPhase;
			buildActionMask = 2147483647;
			files = (
				B46DE0A9091B0C12001A5988 /* NCDFAttribute.m in Sources */,
				B46DE0AB091B0C15001A5988 /* NCDFDataTypeFormatter.m in Sources */,
				B46DE0AD091B0C17001A5988 /* NCDFDimension.m in Sources */,
				B46DE0AF091B0C19001A5988 /* NCDFError.m in Sources */,
				B46DE0B1091B0C1A001A5988 /* NCDFErrorHandle.m in Sources */,
				B46DE0B3091B0C1C001A5988 /* NCDFHandle.m in Sources */,
				B46DE0B5091B0C1E001A5988 /* NCDFNameFormatter.m in Sources */,
				B46DE0B8091B0C21001A5988 /* NCDFVariable.m in Sources */,
				B46DE0BA091B0C23001A5988 /* NCDFVariableByteSizeFormatter.m in Sources */,
			);
			runOnlyForDeploymentPostprocessing = 0;
		};
		B4E54636093D432000794457 /* Sources */ = {
			isa = PBXSourcesBuildPhase;
			buildActionMask = 2147483647;
			files = (
				B4E546F8093D4D8700794457 /* NCDFHandleTest.m in Sources */,
				B4E546F9093D4D8700794457 /* NCDFErrorTester.m in Sources */,
				B4E546FA093D4D8700794457 /* NCDFErrorHandleTester.m in Sources */,
			);
			runOnlyForDeploymentPostprocessing = 0;
		};
/* End PBXSourcesBuildPhase section */

/* Begin PBXTargetDependency section */
		B4E54642093D432600794457 /* PBXTargetDependency */ = {
			isa = PBXTargetDependency;
			target = B46DE09D091B0BD1001A5988 /* netcdf */;
			targetProxy = B4E54641093D432600794457 /* PBXContainerItemProxy */;
		};
/* End PBXTargetDependency section */

/* Begin PBXVariantGroup section */
		089C1666FE841158C02AAC07 /* InfoPlist.strings */ = {
			isa = PBXVariantGroup;
			children = (
				089C1667FE841158C02AAC07 /* English */,
			);
			name = InfoPlist.strings;
			sourceTree = "<group>";
		};
		F577E7F302F7319701EA6D6B /* NCDFError.strings */ = {
			isa = PBXVariantGroup;
			children = (
				F577E7F402F7319701EA6D6B /* NCDFError.strings */,
			);
			name = NCDFError.strings;
			sourceTree = "<group>";
		};
/* End PBXVariantGroup section */

/* Begin XCBuildConfiguration section */
		B4244EB408F4659B0030396F /* Development */ = {
			isa = XCBuildConfiguration;
			buildSettings = {
				ARCHS = (
					ppc,
					i386,
				);
				INSTALL_PATH = "@executable_path/../Frameworks";
				MACOSX_DEPLOYMENT_TARGET = 10.3;
				MACOSX_DEPLOYMENT_TARGET_i386 = 10.4;
				MACOSX_DEPLOYMENT_TARGET_ppc = 10.3;
				OTHER_LDFLAGS = (
					"-framework",
					Foundation,
					"-framework",
					AppKit,
					"-seg1addr",
					0x00010000,
				);
				SDKROOT = /Developer/SDKs/MacOSX10.4u.sdk;
			};
			name = Development;
		};
		B4244EB508F4659B0030396F /* Deployment */ = {
			isa = XCBuildConfiguration;
			buildSettings = {
				ARCHS = (
					ppc,
					i386,
				);
				INSTALL_PATH = "@executable_path/../Frameworks";
				MACOSX_DEPLOYMENT_TARGET = 10.3;
				MACOSX_DEPLOYMENT_TARGET_i386 = 10.4;
				MACOSX_DEPLOYMENT_TARGET_ppc = 10.3;
				OTHER_LDFLAGS = (
					"-framework",
					Foundation,
					"-framework",
					AppKit,
					"-seg1addr",
					0x00010000,
				);
				SDKROOT = /Developer/SDKs/MacOSX10.4u.sdk;
			};
			name = Deployment;
		};
		B4244EB608F4659B0030396F /* test */ = {
			isa = XCBuildConfiguration;
			buildSettings = {
				ARCHS = (
					ppc,
					i386,
				);
				INSTALL_PATH = "@executable_path/../Frameworks";
				MACOSX_DEPLOYMENT_TARGET = 10.3;
				MACOSX_DEPLOYMENT_TARGET_i386 = 10.4;
				MACOSX_DEPLOYMENT_TARGET_ppc = 10.3;
				OTHER_LDFLAGS = (
					"-framework",
					Foundation,
					"-framework",
					AppKit,
					"-seg1addr",
					0x00010000,
				);
				SDKROOT = /Developer/SDKs/MacOSX10.4u.sdk;
			};
			name = test;
		};
		B4244EB708F4659B0030396F /* Default */ = {
			isa = XCBuildConfiguration;
			buildSettings = {
				ARCHS = (
					ppc,
					i386,
				);
				INSTALL_PATH = "@executable_path/../Frameworks";
				MACOSX_DEPLOYMENT_TARGET = 10.3;
				MACOSX_DEPLOYMENT_TARGET_i386 = 10.4;
				MACOSX_DEPLOYMENT_TARGET_ppc = 10.3;
				OTHER_LDFLAGS = (
					"-framework",
					Foundation,
					"-framework",
					AppKit,
					"-seg1addr",
					0x00010000,
				);
				SDKROOT = /Developer/SDKs/MacOSX10.4u.sdk;
			};
			name = Default;
		};
		B46DE0A1091B0BD2001A5988 /* Development */ = {
			isa = XCBuildConfiguration;
			buildSettings = {
				COPY_PHASE_STRIP = NO;
				DYLIB_COMPATIBILITY_VERSION = 1;
				DYLIB_CURRENT_VERSION = 1;
				FRAMEWORK_VERSION = A;
				GCC_GENERATE_DEBUGGING_SYMBOLS = YES;
				GCC_MODEL_TUNING = G5;
				GCC_PRECOMPILE_PREFIX_HEADER = YES;
				GCC_PREFIX_HEADER = "$(SYSTEM_LIBRARY_DIR)/Frameworks/AppKit.framework/Headers/AppKit.h";
				INFOPLIST_FILE = "netcdf-Info.plist";
				INSTALL_PATH = "$(LOCAL_LIBRARY_DIR)/Frameworks";
				LIBRARY_SEARCH_PATHS = "\"$(SRCROOT)\"";
				OPTIMIZATION_CFLAGS = "-O0";
				OTHER_CFLAGS = "";
				OTHER_LDFLAGS = (
					"-framework",
					Foundation,
					"-framework",
					AppKit,
				);
				OTHER_REZFLAGS = "";
				PREBINDING = NO;
				PRODUCT_NAME = netcdf;
				SECTORDER_FLAGS = "";
				WARNING_CFLAGS = (
					"-Wmost",
					"-Wno-four-char-constants",
					"-Wno-unknown-pragmas",
				);
			};
			name = Development;
		};
		B46DE0A2091B0BD2001A5988 /* Deployment */ = {
			isa = XCBuildConfiguration;
			buildSettings = {
				ARCHS = (
					ppc,
					i386,
				);
				COPY_PHASE_STRIP = YES;
				DYLIB_COMPATIBILITY_VERSION = 1;
				DYLIB_CURRENT_VERSION = 1;
				FRAMEWORK_VERSION = A;
				GCC_GENERATE_DEBUGGING_SYMBOLS = NO;
				GCC_MODEL_TUNING = G5;
				GCC_PRECOMPILE_PREFIX_HEADER = YES;
				GCC_PREFIX_HEADER = "$(SYSTEM_LIBRARY_DIR)/Frameworks/AppKit.framework/Headers/AppKit.h";
				INFOPLIST_FILE = "netcdf-Info.plist";
				INSTALL_PATH = "@executable_path/../Frameworks";
				LIBRARY_SEARCH_PATHS = "\"$(SRCROOT)\"";
				OPTIMIZATION_CFLAGS = "-O0";
				OTHER_CFLAGS = "";
				OTHER_LDFLAGS = (
					"-framework",
					Foundation,
					"-framework",
					AppKit,
				);
				OTHER_REZFLAGS = "";
				PREBINDING = NO;
				PRODUCT_NAME = netcdf;
				SECTORDER_FLAGS = "";
				WARNING_CFLAGS = (
					"-Wmost",
					"-Wno-four-char-constants",
					"-Wno-unknown-pragmas",
				);
			};
			name = Deployment;
		};
		B46DE0A3091B0BD2001A5988 /* test */ = {
			isa = XCBuildConfiguration;
			buildSettings = {
				DYLIB_COMPATIBILITY_VERSION = 1;
				DYLIB_CURRENT_VERSION = 1;
				FRAMEWORK_VERSION = A;
				GCC_GENERATE_DEBUGGING_SYMBOLS = NO;
				GCC_MODEL_TUNING = G5;
				GCC_PRECOMPILE_PREFIX_HEADER = YES;
				GCC_PREFIX_HEADER = "$(SYSTEM_LIBRARY_DIR)/Frameworks/AppKit.framework/Headers/AppKit.h";
				INFOPLIST_FILE = "netcdf-Info.plist";
				INSTALL_PATH = "$(LOCAL_LIBRARY_DIR)/Frameworks";
				LIBRARY_SEARCH_PATHS = "\"$(SRCROOT)\"";
				OPTIMIZATION_CFLAGS = "-O0";
				OTHER_CFLAGS = "";
				OTHER_LDFLAGS = (
					"-framework",
					Foundation,
					"-framework",
					AppKit,
				);
				OTHER_REZFLAGS = "";
				PREBINDING = NO;
				PRODUCT_NAME = netcdf;
				SECTORDER_FLAGS = "";
				WARNING_CFLAGS = (
					"-Wmost",
					"-Wno-four-char-constants",
					"-Wno-unknown-pragmas",
				);
			};
			name = test;
		};
		B46DE0A4091B0BD2001A5988 /* Default */ = {
			isa = XCBuildConfiguration;
			buildSettings = {
				DYLIB_COMPATIBILITY_VERSION = 1;
				DYLIB_CURRENT_VERSION = 1;
				FRAMEWORK_VERSION = A;
				GCC_GENERATE_DEBUGGING_SYMBOLS = NO;
				GCC_MODEL_TUNING = G5;
				GCC_PRECOMPILE_PREFIX_HEADER = YES;
				GCC_PREFIX_HEADER = "$(SYSTEM_LIBRARY_DIR)/Frameworks/AppKit.framework/Headers/AppKit.h";
				INFOPLIST_FILE = "netcdf-Info.plist";
				INSTALL_PATH = "$(LOCAL_LIBRARY_DIR)/Frameworks";
				LIBRARY_SEARCH_PATHS = "\"$(SRCROOT)\"";
				OPTIMIZATION_CFLAGS = "-O0";
				OTHER_CFLAGS = "";
				OTHER_LDFLAGS = (
					"-framework",
					Foundation,
					"-framework",
					AppKit,
				);
				OTHER_REZFLAGS = "";
				PREBINDING = NO;
				PRODUCT_NAME = netcdf;
				SECTORDER_FLAGS = "";
				WARNING_CFLAGS = (
					"-Wmost",
					"-Wno-four-char-constants",
					"-Wno-unknown-pragmas",
				);
			};
			name = Default;
		};
		B4E1C8620924260C0014A0B6 /* Development */ = {
			isa = XCBuildConfiguration;
			buildSettings = {
				COPY_PHASE_STRIP = NO;
				GCC_DYNAMIC_NO_PIC = NO;
				GCC_GENERATE_DEBUGGING_SYMBOLS = YES;
				GCC_OPTIMIZATION_LEVEL = 0;
				PRODUCT_NAME = API;
			};
			name = Development;
		};
		B4E1C8630924260C0014A0B6 /* Deployment */ = {
			isa = XCBuildConfiguration;
			buildSettings = {
				COPY_PHASE_STRIP = YES;
				GCC_ENABLE_FIX_AND_CONTINUE = NO;
				GCC_GENERATE_DEBUGGING_SYMBOLS = NO;
				PRODUCT_NAME = API;
				ZERO_LINK = NO;
			};
			name = Deployment;
		};
		B4E1C8640924260C0014A0B6 /* test */ = {
			isa = XCBuildConfiguration;
			buildSettings = {
				PRODUCT_NAME = API;
			};
			name = test;
		};
		B4E1C8650924260C0014A0B6 /* Default */ = {
			isa = XCBuildConfiguration;
			buildSettings = {
				PRODUCT_NAME = API;
			};
			name = Default;
		};
		B4E5463D093D432100794457 /* Development */ = {
			isa = XCBuildConfiguration;
			buildSettings = {
				COPY_PHASE_STRIP = NO;
				FRAMEWORK_SEARCH_PATHS = (
					"$(FRAMEWORK_SEARCH_PATHS)",
					"$(SYSTEM_DEVELOPER_DIR)/SDKs/MacOSX10.4u.sdk/System/Library/Frameworks",
				);
				GCC_DYNAMIC_NO_PIC = NO;
				GCC_ENABLE_FIX_AND_CONTINUE = NO;
				GCC_ENABLE_OBJC_EXCEPTIONS = YES;
				GCC_GENERATE_DEBUGGING_SYMBOLS = YES;
				GCC_MODEL_TUNING = G5;
				GCC_OPTIMIZATION_LEVEL = 0;
				GCC_PRECOMPILE_PREFIX_HEADER = YES;
				GCC_PREFIX_HEADER = "$(SYSTEM_LIBRARY_DIR)/Frameworks/Cocoa.framework/Headers/Cocoa.h";
				INFOPLIST_FILE = "UnitTests-Info.plist";
				INSTALL_PATH = "$(USER_LIBRARY_DIR)/Bundles";
				LIBRARY_SEARCH_PATHS = (
					"$(inherited)",
					"$(LIBRARY_SEARCH_PATHS_QUOTED_1)",
					"$(LIBRARY_SEARCH_PATHS_QUOTED_2)",
				);
				LIBRARY_SEARCH_PATHS_QUOTED_1 = "\"$(SRCROOT)\"";
				LIBRARY_SEARCH_PATHS_QUOTED_2 = "\"$(SRCROOT)\"";
				OTHER_LDFLAGS = (
					"-framework",
					Cocoa,
					"-framework",
					SenTestingKit,
				);
				PREBINDING = NO;
				PRODUCT_NAME = UnitTests;
				WRAPPER_EXTENSION = octest;
				ZERO_LINK = NO;
			};
			name = Development;
		};
		B4E5463E093D432100794457 /* Deployment */ = {
			isa = XCBuildConfiguration;
			buildSettings = {
				COPY_PHASE_STRIP = YES;
				FRAMEWORK_SEARCH_PATHS = (
					"$(FRAMEWORK_SEARCH_PATHS)",
					"$(SYSTEM_DEVELOPER_DIR)/SDKs/MacOSX10.4u.sdk/System/Library/Frameworks",
				);
				GCC_ENABLE_FIX_AND_CONTINUE = NO;
				GCC_ENABLE_OBJC_EXCEPTIONS = YES;
				GCC_GENERATE_DEBUGGING_SYMBOLS = NO;
				GCC_MODEL_TUNING = G5;
				GCC_PRECOMPILE_PREFIX_HEADER = YES;
				GCC_PREFIX_HEADER = "$(SYSTEM_LIBRARY_DIR)/Frameworks/Cocoa.framework/Headers/Cocoa.h";
				INFOPLIST_FILE = "UnitTests-Info.plist";
				INSTALL_PATH = "$(USER_LIBRARY_DIR)/Bundles";
				LIBRARY_SEARCH_PATHS = (
					"$(inherited)",
					"$(LIBRARY_SEARCH_PATHS_QUOTED_1)",
					"$(LIBRARY_SEARCH_PATHS_QUOTED_2)",
				);
				LIBRARY_SEARCH_PATHS_QUOTED_1 = "\"$(SRCROOT)\"";
				LIBRARY_SEARCH_PATHS_QUOTED_2 = "\"$(SRCROOT)\"";
				OTHER_LDFLAGS = (
					"-framework",
					Cocoa,
					"-framework",
					SenTestingKit,
				);
				PREBINDING = NO;
				PRODUCT_NAME = UnitTests;
				WRAPPER_EXTENSION = octest;
				ZERO_LINK = NO;
			};
			name = Deployment;
		};
		B4E5463F093D432100794457 /* test */ = {
			isa = XCBuildConfiguration;
			buildSettings = {
				FRAMEWORK_SEARCH_PATHS = (
					"$(FRAMEWORK_SEARCH_PATHS)",
					"$(SYSTEM_DEVELOPER_DIR)/SDKs/MacOSX10.4u.sdk/System/Library/Frameworks",
				);
				GCC_ENABLE_FIX_AND_CONTINUE = NO;
				GCC_ENABLE_OBJC_EXCEPTIONS = YES;
				GCC_MODEL_TUNING = G5;
				GCC_PRECOMPILE_PREFIX_HEADER = YES;
				GCC_PREFIX_HEADER = "$(SYSTEM_LIBRARY_DIR)/Frameworks/Cocoa.framework/Headers/Cocoa.h";
				INFOPLIST_FILE = "UnitTests-Info.plist";
				INSTALL_PATH = "$(USER_LIBRARY_DIR)/Bundles";
				LIBRARY_SEARCH_PATHS = (
					"$(inherited)",
					"$(LIBRARY_SEARCH_PATHS_QUOTED_1)",
					"$(LIBRARY_SEARCH_PATHS_QUOTED_2)",
				);
				LIBRARY_SEARCH_PATHS_QUOTED_1 = "\"$(SRCROOT)\"";
				LIBRARY_SEARCH_PATHS_QUOTED_2 = "\"$(SRCROOT)\"";
				OTHER_LDFLAGS = (
					"-framework",
					Cocoa,
					"-framework",
					SenTestingKit,
				);
				PREBINDING = NO;
				PRODUCT_NAME = UnitTests;
				WRAPPER_EXTENSION = octest;
				ZERO_LINK = NO;
			};
			name = test;
		};
		B4E54640093D432100794457 /* Default */ = {
			isa = XCBuildConfiguration;
			buildSettings = {
				FRAMEWORK_SEARCH_PATHS = (
					"$(FRAMEWORK_SEARCH_PATHS)",
					"$(SYSTEM_DEVELOPER_DIR)/SDKs/MacOSX10.4u.sdk/System/Library/Frameworks",
				);
				GCC_ENABLE_FIX_AND_CONTINUE = NO;
				GCC_ENABLE_OBJC_EXCEPTIONS = YES;
				GCC_MODEL_TUNING = G5;
				GCC_PRECOMPILE_PREFIX_HEADER = YES;
				GCC_PREFIX_HEADER = "$(SYSTEM_LIBRARY_DIR)/Frameworks/Cocoa.framework/Headers/Cocoa.h";
				INFOPLIST_FILE = "UnitTests-Info.plist";
				INSTALL_PATH = "$(USER_LIBRARY_DIR)/Bundles";
				LIBRARY_SEARCH_PATHS = (
					"$(inherited)",
					"$(LIBRARY_SEARCH_PATHS_QUOTED_1)",
					"$(LIBRARY_SEARCH_PATHS_QUOTED_2)",
				);
				LIBRARY_SEARCH_PATHS_QUOTED_1 = "\"$(SRCROOT)\"";
				LIBRARY_SEARCH_PATHS_QUOTED_2 = "\"$(SRCROOT)\"";
				OTHER_LDFLAGS = (
					"-framework",
					Cocoa,
					"-framework",
					SenTestingKit,
				);
				PREBINDING = NO;
				PRODUCT_NAME = UnitTests;
				WRAPPER_EXTENSION = octest;
				ZERO_LINK = NO;
			};
			name = Default;
		};
/* End XCBuildConfiguration section */

/* Begin XCConfigurationList section */
		B4244EB308F4659B0030396F /* Build configuration list for PBXProject "netcdf" */ = {
			isa = XCConfigurationList;
			buildConfigurations = (
				B4244EB408F4659B0030396F /* Development */,
				B4244EB508F4659B0030396F /* Deployment */,
				B4244EB608F4659B0030396F /* test */,
				B4244EB708F4659B0030396F /* Default */,
			);
			defaultConfigurationIsVisible = 0;
			defaultConfigurationName = Default;
		};
		B46DE0A0091B0BD2001A5988 /* Build configuration list for PBXNativeTarget "netcdf" */ = {
			isa = XCConfigurationList;
			buildConfigurations = (
				B46DE0A1091B0BD2001A5988 /* Development */,
				B46DE0A2091B0BD2001A5988 /* Deployment */,
				B46DE0A3091B0BD2001A5988 /* test */,
				B46DE0A4091B0BD2001A5988 /* Default */,
			);
			defaultConfigurationIsVisible = 0;
			defaultConfigurationName = Default;
		};
		B4E1C8610924260C0014A0B6 /* Build configuration list for PBXAggregateTarget "API" */ = {
			isa = XCConfigurationList;
			buildConfigurations = (
				B4E1C8620924260C0014A0B6 /* Development */,
				B4E1C8630924260C0014A0B6 /* Deployment */,
				B4E1C8640924260C0014A0B6 /* test */,
				B4E1C8650924260C0014A0B6 /* Default */,
			);
			defaultConfigurationIsVisible = 0;
			defaultConfigurationName = Default;
		};
		B4E5463C093D432100794457 /* Build configuration list for PBXNativeTarget "UnitTests" */ = {
			isa = XCConfigurationList;
			buildConfigurations = (
				B4E5463D093D432100794457 /* Development */,
				B4E5463E093D432100794457 /* Deployment */,
				B4E5463F093D432100794457 /* test */,
				B4E54640093D432100794457 /* Default */,
			);
			defaultConfigurationIsVisible = 0;
			defaultConfigurationName = Default;
		};
/* End XCConfigurationList section */
	};
	rootObject = 0867D690FE84028FC02AAC07 /* Project object */;
}
