// !$*UTF8*$!
{
	archiveVersion = 1;
	classes = {
	};
	objectVersion = 42;
	objects = {

/* Begin PBXAggregateTarget section */
		B4E1C85A092425F90014A0B6 /* API */ = {
			isa = PBXAggregateTarget;
			buildConfigurationList = B4E1C8610924260C0014A0B6 /* Build configuration list for PBXAggregateTarget "API" */;
			buildPhases = (
				B4E1C859092425F90014A0B6 /* ShellScript */,
			);
			dependencies = (
			);
			name = API;
			productName = API;
		};
/* End PBXAggregateTarget section */

/* Begin PBXBuildFile section */
		B426AE2E0A8ACC6E00E21A64 /* libnetcdf.a in Frameworks */ = {isa = PBXBuildFile; fileRef = B426AE2D0A8ACC6E00E21A64 /* libnetcdf.a */; };
		B46DE0BF091B0C4D001A5988 /* InfoPlist.strings in Resources */ = {isa = PBXBuildFile; fileRef = 089C1666FE841158C02AAC07 /* InfoPlist.strings */; };
		B46DE0C0091B0C4D001A5988 /* NCDFError.strings in Resources */ = {isa = PBXBuildFile; fileRef = F577E7F302F7319701EA6D6B /* NCDFError.strings */; };
		B47BF2900A9A1A2300092C22 /* libnetcdf.a in Frameworks */ = {isa = PBXBuildFile; fileRef = B47BF28F0A9A1A2300092C22 /* libnetcdf.a */; };
		B4B033720A9F5533008D45E9 /* netcdf.h in Headers */ = {isa = PBXBuildFile; fileRef = B4326AC1090F2F8B000B7357 /* netcdf.h */; settings = {ATTRIBUTES = (Public, ); }; };
		B4E0D28F0C9EE4B10029D494 /* NCDFAttribute.h in Headers */ = {isa = PBXBuildFile; fileRef = B4E0D2730C9EE4B10029D494 /* NCDFAttribute.h */; settings = {ATTRIBUTES = (Public, ); }; };
		B4E0D2900C9EE4B10029D494 /* NCDFAttribute.m in Sources */ = {isa = PBXBuildFile; fileRef = B4E0D2740C9EE4B10029D494 /* NCDFAttribute.m */; };
		B4E0D2910C9EE4B10029D494 /* NCDFDataTypeFormatter.h in Headers */ = {isa = PBXBuildFile; fileRef = B4E0D2750C9EE4B10029D494 /* NCDFDataTypeFormatter.h */; settings = {ATTRIBUTES = (Public, ); }; };
		B4E0D2920C9EE4B10029D494 /* NCDFDataTypeFormatter.m in Sources */ = {isa = PBXBuildFile; fileRef = B4E0D2760C9EE4B10029D494 /* NCDFDataTypeFormatter.m */; };
		B4E0D2930C9EE4B10029D494 /* NCDFDimension.h in Headers */ = {isa = PBXBuildFile; fileRef = B4E0D2770C9EE4B10029D494 /* NCDFDimension.h */; settings = {ATTRIBUTES = (Public, ); }; };
		B4E0D2940C9EE4B10029D494 /* NCDFDimension.m in Sources */ = {isa = PBXBuildFile; fileRef = B4E0D2780C9EE4B10029D494 /* NCDFDimension.m */; };
		B4E0D2950C9EE4B10029D494 /* NCDFError.h in Headers */ = {isa = PBXBuildFile; fileRef = B4E0D2790C9EE4B10029D494 /* NCDFError.h */; settings = {ATTRIBUTES = (Public, ); }; };
		B4E0D2960C9EE4B10029D494 /* NCDFError.m in Sources */ = {isa = PBXBuildFile; fileRef = B4E0D27A0C9EE4B10029D494 /* NCDFError.m */; };
		B4E0D2970C9EE4B10029D494 /* NCDFErrorHandle.h in Headers */ = {isa = PBXBuildFile; fileRef = B4E0D27B0C9EE4B10029D494 /* NCDFErrorHandle.h */; settings = {ATTRIBUTES = (Public, ); }; };
		B4E0D2980C9EE4B10029D494 /* NCDFErrorHandle.m in Sources */ = {isa = PBXBuildFile; fileRef = B4E0D27C0C9EE4B10029D494 /* NCDFErrorHandle.m */; };
		B4E0D2990C9EE4B10029D494 /* NCDFHandle.h in Headers */ = {isa = PBXBuildFile; fileRef = B4E0D27D0C9EE4B10029D494 /* NCDFHandle.h */; settings = {ATTRIBUTES = (Public, ); }; };
		B4E0D29A0C9EE4B10029D494 /* NCDFHandle.m in Sources */ = {isa = PBXBuildFile; fileRef = B4E0D27E0C9EE4B10029D494 /* NCDFHandle.m */; };
		B4E0D29B0C9EE4B10029D494 /* NCDFNameFormatter.h in Headers */ = {isa = PBXBuildFile; fileRef = B4E0D27F0C9EE4B10029D494 /* NCDFNameFormatter.h */; settings = {ATTRIBUTES = (Public, ); }; };
		B4E0D29C0C9EE4B10029D494 /* NCDFNameFormatter.m in Sources */ = {isa = PBXBuildFile; fileRef = B4E0D2800C9EE4B10029D494 /* NCDFNameFormatter.m */; };
		B4E0D29D0C9EE4B10029D494 /* NCDFNetCDF.h in Headers */ = {isa = PBXBuildFile; fileRef = B4E0D2810C9EE4B10029D494 /* NCDFNetCDF.h */; settings = {ATTRIBUTES = (Public, ); }; };
		B4E0D29E0C9EE4B10029D494 /* NCDFProtocols.h in Headers */ = {isa = PBXBuildFile; fileRef = B4E0D2820C9EE4B10029D494 /* NCDFProtocols.h */; settings = {ATTRIBUTES = (Public, ); }; };
		B4E0D29F0C9EE4B10029D494 /* NCDFSeriesDimension.h in Headers */ = {isa = PBXBuildFile; fileRef = B4E0D2830C9EE4B10029D494 /* NCDFSeriesDimension.h */; settings = {ATTRIBUTES = (Public, ); }; };
		B4E0D2A00C9EE4B10029D494 /* NCDFSeriesDimension.m in Sources */ = {isa = PBXBuildFile; fileRef = B4E0D2840C9EE4B10029D494 /* NCDFSeriesDimension.m */; };
		B4E0D2A10C9EE4B10029D494 /* NCDFSeriesHandle.h in Headers */ = {isa = PBXBuildFile; fileRef = B4E0D2850C9EE4B10029D494 /* NCDFSeriesHandle.h */; settings = {ATTRIBUTES = (Public, ); }; };
		B4E0D2A20C9EE4B10029D494 /* NCDFSeriesHandle.m in Sources */ = {isa = PBXBuildFile; fileRef = B4E0D2860C9EE4B10029D494 /* NCDFSeriesHandle.m */; };
		B4E0D2A30C9EE4B10029D494 /* NCDFSeriesVariable.h in Headers */ = {isa = PBXBuildFile; fileRef = B4E0D2870C9EE4B10029D494 /* NCDFSeriesVariable.h */; settings = {ATTRIBUTES = (Public, ); }; };
		B4E0D2A40C9EE4B10029D494 /* NCDFSeriesVariable.m in Sources */ = {isa = PBXBuildFile; fileRef = B4E0D2880C9EE4B10029D494 /* NCDFSeriesVariable.m */; };
		B4E0D2A50C9EE4B10029D494 /* NCDFSlab.h in Headers */ = {isa = PBXBuildFile; fileRef = B4E0D2890C9EE4B10029D494 /* NCDFSlab.h */; settings = {ATTRIBUTES = (Public, ); }; };
		B4E0D2A60C9EE4B10029D494 /* NCDFSlab.m in Sources */ = {isa = PBXBuildFile; fileRef = B4E0D28A0C9EE4B10029D494 /* NCDFSlab.m */; };
		B4E0D2A70C9EE4B10029D494 /* NCDFVariable.h in Headers */ = {isa = PBXBuildFile; fileRef = B4E0D28B0C9EE4B10029D494 /* NCDFVariable.h */; settings = {ATTRIBUTES = (Public, ); }; };
		B4E0D2A80C9EE4B10029D494 /* NCDFVariable.m in Sources */ = {isa = PBXBuildFile; fileRef = B4E0D28C0C9EE4B10029D494 /* NCDFVariable.m */; };
		B4E0D2A90C9EE4B10029D494 /* NCDFVariableByteSizeFormatter.h in Headers */ = {isa = PBXBuildFile; fileRef = B4E0D28D0C9EE4B10029D494 /* NCDFVariableByteSizeFormatter.h */; settings = {ATTRIBUTES = (Public, ); }; };
		B4E0D2AA0C9EE4B10029D494 /* NCDFVariableByteSizeFormatter.m in Sources */ = {isa = PBXBuildFile; fileRef = B4E0D28E0C9EE4B10029D494 /* NCDFVariableByteSizeFormatter.m */; };
		B4E54694093D483A00794457 /* SenTestingKit.framework in Frameworks */ = {isa = PBXBuildFile; fileRef = B4E5467F093D483A00794457 /* SenTestingKit.framework */; };
		B4E546F8093D4D8700794457 /* NCDFHandleTest.m in Sources */ = {isa = PBXBuildFile; fileRef = F577E7EA02F58D3D01EA6D6B /* NCDFHandleTest.m */; };
		B4E546F9093D4D8700794457 /* NCDFErrorTester.m in Sources */ = {isa = PBXBuildFile; fileRef = F577E7F702F73B1801EA6D6B /* NCDFErrorTester.m */; };
		B4E546FA093D4D8700794457 /* NCDFErrorHandleTester.m in Sources */ = {isa = PBXBuildFile; fileRef = F577E7FF02F8761A01EA6D6B /* NCDFErrorHandleTester.m */; };
/* End PBXBuildFile section */

/* Begin PBXBuildRule section */
		B46DE0A5091B0BDA001A5988 /* PBXBuildRule */ = {
			isa = PBXBuildRule;
			compilerSpec = com.apple.compilers.gcc;
			fileType = sourcecode.c;
			isEditable = 1;
			outputFiles = (
			);
		};
		B46DE0A6091B0BE3001A5988 /* PBXBuildRule */ = {
			isa = PBXBuildRule;
			compilerSpec = com.apple.compilers.gcc;
			fileType = sourcecode.asm;
			isEditable = 1;
			outputFiles = (
			);
		};
/* End PBXBuildRule section */

/* Begin PBXContainerItemProxy section */
		B4E54641093D432600794457 /* PBXContainerItemProxy */ = {
			isa = PBXContainerItemProxy;
			containerPortal = 0867D690FE84028FC02AAC07 /* Project object */;
			proxyType = 1;
			remoteGlobalIDString = B46DE09D091B0BD1001A5988;
			remoteInfo = netcdf;
		};
		B4F086EE0A96D465001FA8D4 /* PBXContainerItemProxy */ = {
			isa = PBXContainerItemProxy;
			containerPortal = B4F086E50A96D465001FA8D4 /* netcdf.xcodeproj */;
			proxyType = 2;
			remoteGlobalIDString = D2AAC046055464E500DB518D;
			remoteInfo = "netcdf-PPC";
		};
		B4F086F00A96D465001FA8D4 /* PBXContainerItemProxy */ = {
			isa = PBXContainerItemProxy;
			containerPortal = B4F086E50A96D465001FA8D4 /* netcdf.xcodeproj */;
			proxyType = 2;
			remoteGlobalIDString = B4F084DC0A96A43D001FA8D4;
			remoteInfo = "netcdf-intel";
		};
		B4F086F60A96D5EB001FA8D4 /* PBXContainerItemProxy */ = {
			isa = PBXContainerItemProxy;
			containerPortal = B4F086E50A96D465001FA8D4 /* netcdf.xcodeproj */;
			proxyType = 1;
			remoteGlobalIDString = B4F084E20A96A482001FA8D4;
			remoteInfo = universal;
		};
/* End PBXContainerItemProxy section */

/* Begin PBXFileReference section */
		0867D69BFE84028FC02AAC07 /* Foundation.framework */ = {isa = PBXFileReference; lastKnownFileType = wrapper.framework; name = Foundation.framework; path = /System/Library/Frameworks/Foundation.framework; sourceTree = "<absolute>"; };
		0867D6A5FE840307C02AAC07 /* AppKit.framework */ = {isa = PBXFileReference; lastKnownFileType = wrapper.framework; name = AppKit.framework; path = /System/Library/Frameworks/AppKit.framework; sourceTree = "<absolute>"; };
		089C1667FE841158C02AAC07 /* English */ = {isa = PBXFileReference; fileEncoding = 10; lastKnownFileType = text.plist.strings; name = English; path = English.lproj/InfoPlist.strings; sourceTree = "<group>"; };
		08FB77B4FE84181DC02AAC07 /* main.c */ = {isa = PBXFileReference; fileEncoding = 30; lastKnownFileType = sourcecode.c.c; path = main.c; sourceTree = "<group>"; };
		1058C7B1FEA5585E11CA2CBB /* Cocoa.framework */ = {isa = PBXFileReference; lastKnownFileType = wrapper.framework; name = Cocoa.framework; path = /System/Library/Frameworks/Cocoa.framework; sourceTree = "<absolute>"; };
		B426AE2D0A8ACC6E00E21A64 /* libnetcdf.a */ = {isa = PBXFileReference; lastKnownFileType = archive.ar; name = libnetcdf.a; path = library/netcdf/build/Release/libnetcdf.a; sourceTree = "<group>"; };
		B4326AC1090F2F8B000B7357 /* netcdf.h */ = {isa = PBXFileReference; fileEncoding = 30; lastKnownFileType = sourcecode.c.h; path = netcdf.h; sourceTree = "<group>"; };
		B469DE120ACCA2A700E414C0 /* License_NetCDFFramework.txt */ = {isa = PBXFileReference; fileEncoding = 30; lastKnownFileType = text; path = License_NetCDFFramework.txt; sourceTree = "<group>"; };
		B46DE09E091B0BD1001A5988 /* netcdf.framework */ = {isa = PBXFileReference; explicitFileType = wrapper.framework; includeInIndex = 0; path = netcdf.framework; sourceTree = BUILT_PRODUCTS_DIR; };
		B46DE09F091B0BD1001A5988 /* netcdf-Info.plist */ = {isa = PBXFileReference; lastKnownFileType = text.plist.xml; path = "netcdf-Info.plist"; sourceTree = "<group>"; };
		B47BF28F0A9A1A2300092C22 /* libnetcdf.a */ = {isa = PBXFileReference; lastKnownFileType = archive.ar; name = libnetcdf.a; path = library/netcdf/currentbuild/libnetcdf.a; sourceTree = "<group>"; };
		B4E0D2730C9EE4B10029D494 /* NCDFAttribute.h */ = {isa = PBXFileReference; fileEncoding = 30; lastKnownFileType = sourcecode.c.h; name = NCDFAttribute.h; path = source/NCDFAttribute.h; sourceTree = "<group>"; };
		B4E0D2740C9EE4B10029D494 /* NCDFAttribute.m */ = {isa = PBXFileReference; fileEncoding = 30; lastKnownFileType = sourcecode.c.objc; name = NCDFAttribute.m; path = source/NCDFAttribute.m; sourceTree = "<group>"; };
		B4E0D2750C9EE4B10029D494 /* NCDFDataTypeFormatter.h */ = {isa = PBXFileReference; fileEncoding = 30; lastKnownFileType = sourcecode.c.h; name = NCDFDataTypeFormatter.h; path = source/NCDFDataTypeFormatter.h; sourceTree = "<group>"; };
		B4E0D2760C9EE4B10029D494 /* NCDFDataTypeFormatter.m */ = {isa = PBXFileReference; fileEncoding = 30; lastKnownFileType = sourcecode.c.objc; name = NCDFDataTypeFormatter.m; path = source/NCDFDataTypeFormatter.m; sourceTree = "<group>"; };
		B4E0D2770C9EE4B10029D494 /* NCDFDimension.h */ = {isa = PBXFileReference; fileEncoding = 30; lastKnownFileType = sourcecode.c.h; name = NCDFDimension.h; path = source/NCDFDimension.h; sourceTree = "<group>"; };
		B4E0D2780C9EE4B10029D494 /* NCDFDimension.m */ = {isa = PBXFileReference; fileEncoding = 30; lastKnownFileType = sourcecode.c.objc; name = NCDFDimension.m; path = source/NCDFDimension.m; sourceTree = "<group>"; };
		B4E0D2790C9EE4B10029D494 /* NCDFError.h */ = {isa = PBXFileReference; fileEncoding = 30; lastKnownFileType = sourcecode.c.h; name = NCDFError.h; path = source/NCDFError.h; sourceTree = "<group>"; };
		B4E0D27A0C9EE4B10029D494 /* NCDFError.m */ = {isa = PBXFileReference; fileEncoding = 30; lastKnownFileType = sourcecode.c.objc; name = NCDFError.m; path = source/NCDFError.m; sourceTree = "<group>"; };
		B4E0D27B0C9EE4B10029D494 /* NCDFErrorHandle.h */ = {isa = PBXFileReference; fileEncoding = 30; lastKnownFileType = sourcecode.c.h; name = NCDFErrorHandle.h; path = source/NCDFErrorHandle.h; sourceTree = "<group>"; };
		B4E0D27C0C9EE4B10029D494 /* NCDFErrorHandle.m */ = {isa = PBXFileReference; fileEncoding = 30; lastKnownFileType = sourcecode.c.objc; name = NCDFErrorHandle.m; path = source/NCDFErrorHandle.m; sourceTree = "<group>"; };
		B4E0D27D0C9EE4B10029D494 /* NCDFHandle.h */ = {isa = PBXFileReference; fileEncoding = 30; lastKnownFileType = sourcecode.c.h; name = NCDFHandle.h; path = source/NCDFHandle.h; sourceTree = "<group>"; };
		B4E0D27E0C9EE4B10029D494 /* NCDFHandle.m */ = {isa = PBXFileReference; fileEncoding = 30; lastKnownFileType = sourcecode.c.objc; name = NCDFHandle.m; path = source/NCDFHandle.m; sourceTree = "<group>"; };
		B4E0D27F0C9EE4B10029D494 /* NCDFNameFormatter.h */ = {isa = PBXFileReference; fileEncoding = 30; lastKnownFileType = sourcecode.c.h; name = NCDFNameFormatter.h; path = source/NCDFNameFormatter.h; sourceTree = "<group>"; };
		B4E0D2800C9EE4B10029D494 /* NCDFNameFormatter.m */ = {isa = PBXFileReference; fileEncoding = 30; lastKnownFileType = sourcecode.c.objc; name = NCDFNameFormatter.m; path = source/NCDFNameFormatter.m; sourceTree = "<group>"; };
		B4E0D2810C9EE4B10029D494 /* NCDFNetCDF.h */ = {isa = PBXFileReference; fileEncoding = 30; lastKnownFileType = sourcecode.c.h; name = NCDFNetCDF.h; path = source/NCDFNetCDF.h; sourceTree = "<group>"; };
		B4E0D2820C9EE4B10029D494 /* NCDFProtocols.h */ = {isa = PBXFileReference; fileEncoding = 30; lastKnownFileType = sourcecode.c.h; name = NCDFProtocols.h; path = source/NCDFProtocols.h; sourceTree = "<group>"; };
		B4E0D2830C9EE4B10029D494 /* NCDFSeriesDimension.h */ = {isa = PBXFileReference; fileEncoding = 30; lastKnownFileType = sourcecode.c.h; name = NCDFSeriesDimension.h; path = source/NCDFSeriesDimension.h; sourceTree = "<group>"; };
		B4E0D2840C9EE4B10029D494 /* NCDFSeriesDimension.m */ = {isa = PBXFileReference; fileEncoding = 30; lastKnownFileType = sourcecode.c.objc; name = NCDFSeriesDimension.m; path = source/NCDFSeriesDimension.m; sourceTree = "<group>"; };
		B4E0D2850C9EE4B10029D494 /* NCDFSeriesHandle.h */ = {isa = PBXFileReference; fileEncoding = 30; lastKnownFileType = sourcecode.c.h; name = NCDFSeriesHandle.h; path = source/NCDFSeriesHandle.h; sourceTree = "<group>"; };
		B4E0D2860C9EE4B10029D494 /* NCDFSeriesHandle.m */ = {isa = PBXFileReference; fileEncoding = 30; lastKnownFileType = sourcecode.c.objc; name = NCDFSeriesHandle.m; path = source/NCDFSeriesHandle.m; sourceTree = "<group>"; };
		B4E0D2870C9EE4B10029D494 /* NCDFSeriesVariable.h */ = {isa = PBXFileReference; fileEncoding = 30; lastKnownFileType = sourcecode.c.h; name = NCDFSeriesVariable.h; path = source/NCDFSeriesVariable.h; sourceTree = "<group>"; };
		B4E0D2880C9EE4B10029D494 /* NCDFSeriesVariable.m */ = {isa = PBXFileReference; fileEncoding = 30; lastKnownFileType = sourcecode.c.objc; name = NCDFSeriesVariable.m; path = source/NCDFSeriesVariable.m; sourceTree = "<group>"; };
		B4E0D2890C9EE4B10029D494 /* NCDFSlab.h */ = {isa = PBXFileReference; fileEncoding = 30; lastKnownFileType = sourcecode.c.h; name = NCDFSlab.h; path = source/NCDFSlab.h; sourceTree = "<group>"; };
		B4E0D28A0C9EE4B10029D494 /* NCDFSlab.m */ = {isa = PBXFileReference; fileEncoding = 30; lastKnownFileType = sourcecode.c.objc; name = NCDFSlab.m; path = source/NCDFSlab.m; sourceTree = "<group>"; };
		B4E0D28B0C9EE4B10029D494 /* NCDFVariable.h */ = {isa = PBXFileReference; fileEncoding = 30; lastKnownFileType = sourcecode.c.h; name = NCDFVariable.h; path = source/NCDFVariable.h; sourceTree = "<group>"; };
		B4E0D28C0C9EE4B10029D494 /* NCDFVariable.m */ = {isa = PBXFileReference; fileEncoding = 30; lastKnownFileType = sourcecode.c.objc; name = NCDFVariable.m; path = source/NCDFVariable.m; sourceTree = "<group>"; };
		B4E0D28D0C9EE4B10029D494 /* NCDFVariableByteSizeFormatter.h */ = {isa = PBXFileReference; fileEncoding = 30; lastKnownFileType = sourcecode.c.h; name = NCDFVariableByteSizeFormatter.h; path = source/NCDFVariableByteSizeFormatter.h; sourceTree = "<group>"; };
		B4E0D28E0C9EE4B10029D494 /* NCDFVariableByteSizeFormatter.m */ = {isa = PBXFileReference; fileEncoding = 30; lastKnownFileType = sourcecode.c.objc; name = NCDFVariableByteSizeFormatter.m; path = source/NCDFVariableByteSizeFormatter.m; sourceTree = "<group>"; };
		B4E1C853092424D00014A0B6 /* UC.config */ = {isa = PBXFileReference; fileEncoding = 4; lastKnownFileType = text; path = UC.config; sourceTree = "<group>"; };
		B4E1C88D09242AFA0014A0B6 /* netcdf.hdoc */ = {isa = PBXFileReference; fileEncoding = 4; lastKnownFileType = text; path = netcdf.hdoc; sourceTree = "<group>"; };
		B4E5463A093D432000794457 /* UnitTests.octest */ = {isa = PBXFileReference; explicitFileType = wrapper.cfbundle; includeInIndex = 0; path = UnitTests.octest; sourceTree = BUILT_PRODUCTS_DIR; };
		B4E5463B093D432000794457 /* UnitTests-Info.plist */ = {isa = PBXFileReference; lastKnownFileType = text.plist.xml; path = "UnitTests-Info.plist"; sourceTree = "<group>"; };
		B4E5467F093D483A00794457 /* SenTestingKit.framework */ = {isa = PBXFileReference; lastKnownFileType = wrapper.framework; name = SenTestingKit.framework; path = /System/Library/Frameworks/SenTestingKit.framework; sourceTree = "<absolute>"; };
		B4F086E50A96D465001FA8D4 /* netcdf.xcodeproj */ = {isa = PBXFileReference; lastKnownFileType = "wrapper.pb-project"; name = netcdf.xcodeproj; path = library/netcdf/netcdf.xcodeproj; sourceTree = "<group>"; };
		F577E7E902F58D3D01EA6D6B /* NCDFHandleTest.h */ = {isa = PBXFileReference; fileEncoding = 30; lastKnownFileType = sourcecode.c.h; path = NCDFHandleTest.h; sourceTree = "<group>"; };
		F577E7EA02F58D3D01EA6D6B /* NCDFHandleTest.m */ = {isa = PBXFileReference; fileEncoding = 30; lastKnownFileType = sourcecode.c.objc; path = NCDFHandleTest.m; sourceTree = "<group>"; };
		F577E7F402F7319701EA6D6B /* NCDFError.strings */ = {isa = PBXFileReference; fileEncoding = 10; lastKnownFileType = text.plist.strings; name = NCDFError.strings; path = English.lproj/NCDFError.strings; sourceTree = "<group>"; };
		F577E7F602F73B1801EA6D6B /* NCDFErrorTester.h */ = {isa = PBXFileReference; fileEncoding = 30; lastKnownFileType = sourcecode.c.h; path = NCDFErrorTester.h; sourceTree = "<group>"; };
		F577E7F702F73B1801EA6D6B /* NCDFErrorTester.m */ = {isa = PBXFileReference; fileEncoding = 30; lastKnownFileType = sourcecode.c.objc; path = NCDFErrorTester.m; sourceTree = "<group>"; };
		F577E7FE02F8761A01EA6D6B /* NCDFErrorHandleTester.h */ = {isa = PBXFileReference; fileEncoding = 30; lastKnownFileType = sourcecode.c.h; path = NCDFErrorHandleTester.h; sourceTree = "<group>"; };
		F577E7FF02F8761A01EA6D6B /* NCDFErrorHandleTester.m */ = {isa = PBXFileReference; fileEncoding = 30; lastKnownFileType = sourcecode.c.objc; path = NCDFErrorHandleTester.m; sourceTree = "<group>"; };
/* End PBXFileReference section */

/* Begin PBXFrameworksBuildPhase section */
		B46DE09C091B0BD1001A5988 /* Frameworks */ = {
			isa = PBXFrameworksBuildPhase;
			buildActionMask = 2147483647;
			files = (
				B47BF2900A9A1A2300092C22 /* libnetcdf.a in Frameworks */,
			);
			runOnlyForDeploymentPostprocessing = 0;
		};
		B4E54637093D432000794457 /* Frameworks */ = {
			isa = PBXFrameworksBuildPhase;
			buildActionMask = 2147483647;
			files = (
				B4E54694093D483A00794457 /* SenTestingKit.framework in Frameworks */,
				B426AE2E0A8ACC6E00E21A64 /* libnetcdf.a in Frameworks */,
			);
			runOnlyForDeploymentPostprocessing = 0;
		};
/* End PBXFrameworksBuildPhase section */

/* Begin PBXGroup section */
		034768DFFF38A50411DB9C8B /* Products */ = {
			isa = PBXGroup;
			children = (
				B46DE09E091B0BD1001A5988 /* netcdf.framework */,
				B4E5463A093D432000794457 /* UnitTests.octest */,
			);
			name = Products;
			sourceTree = "<group>";
		};
		0867D691FE84028FC02AAC07 /* netcdf */ = {
			isa = PBXGroup;
			children = (
				B4E1C852092424980014A0B6 /* API Documentation */,
				B4326ABE090F2F57000B7357 /* netcdf */,
				08FB77AEFE84172EC02AAC07 /* Classes */,
				F577E7E602F58A3301EA6D6B /* Tests */,
				089C1665FE841158C02AAC07 /* Resources */,
				0867D69AFE84028FC02AAC07 /* External Frameworks and Libraries */,
				034768DFFF38A50411DB9C8B /* Products */,
				B469DE120ACCA2A700E414C0 /* License_NetCDFFramework.txt */,
				B46DE09F091B0BD1001A5988 /* netcdf-Info.plist */,
				B4E5463B093D432000794457 /* UnitTests-Info.plist */,
				B4F086E50A96D465001FA8D4 /* netcdf.xcodeproj */,
			);
			name = netcdf;
			sourceTree = "<group>";
		};
		0867D69AFE84028FC02AAC07 /* External Frameworks and Libraries */ = {
			isa = PBXGroup;
			children = (
				B47BF28F0A9A1A2300092C22 /* libnetcdf.a */,
				B4E5467F093D483A00794457 /* SenTestingKit.framework */,
				1058C7B0FEA5585E11CA2CBB /* Linked Frameworks */,
				1058C7B2FEA5585E11CA2CBB /* Other Frameworks */,
			);
			name = "External Frameworks and Libraries";
			sourceTree = "<group>";
		};
		089C1665FE841158C02AAC07 /* Resources */ = {
			isa = PBXGroup;
			children = (
				089C1666FE841158C02AAC07 /* InfoPlist.strings */,
				F577E7F302F7319701EA6D6B /* NCDFError.strings */,
			);
			name = Resources;
			sourceTree = "<group>";
		};
		08FB77AEFE84172EC02AAC07 /* Classes */ = {
			isa = PBXGroup;
			children = (
				B4E0D2730C9EE4B10029D494 /* NCDFAttribute.h */,
				B4E0D2740C9EE4B10029D494 /* NCDFAttribute.m */,
				B4E0D2750C9EE4B10029D494 /* NCDFDataTypeFormatter.h */,
				B4E0D2760C9EE4B10029D494 /* NCDFDataTypeFormatter.m */,
				B4E0D2770C9EE4B10029D494 /* NCDFDimension.h */,
				B4E0D2780C9EE4B10029D494 /* NCDFDimension.m */,
				B4E0D2790C9EE4B10029D494 /* NCDFError.h */,
				B4E0D27A0C9EE4B10029D494 /* NCDFError.m */,
				B4E0D27B0C9EE4B10029D494 /* NCDFErrorHandle.h */,
				B4E0D27C0C9EE4B10029D494 /* NCDFErrorHandle.m */,
				B4E0D27D0C9EE4B10029D494 /* NCDFHandle.h */,
				B4E0D27E0C9EE4B10029D494 /* NCDFHandle.m */,
				B4E0D27F0C9EE4B10029D494 /* NCDFNameFormatter.h */,
				B4E0D2800C9EE4B10029D494 /* NCDFNameFormatter.m */,
				B4E0D2810C9EE4B10029D494 /* NCDFNetCDF.h */,
				B4E0D2820C9EE4B10029D494 /* NCDFProtocols.h */,
				B4E0D2830C9EE4B10029D494 /* NCDFSeriesDimension.h */,
				B4E0D2840C9EE4B10029D494 /* NCDFSeriesDimension.m */,
				B4E0D2850C9EE4B10029D494 /* NCDFSeriesHandle.h */,
				B4E0D2860C9EE4B10029D494 /* NCDFSeriesHandle.m */,
				B4E0D2870C9EE4B10029D494 /* NCDFSeriesVariable.h */,
				B4E0D2880C9EE4B10029D494 /* NCDFSeriesVariable.m */,
				B4E0D2890C9EE4B10029D494 /* NCDFSlab.h */,
				B4E0D28A0C9EE4B10029D494 /* NCDFSlab.m */,
				B4E0D28B0C9EE4B10029D494 /* NCDFVariable.h */,
				B4E0D28C0C9EE4B10029D494 /* NCDFVariable.m */,
				B4E0D28D0C9EE4B10029D494 /* NCDFVariableByteSizeFormatter.h */,
				B4E0D28E0C9EE4B10029D494 /* NCDFVariableByteSizeFormatter.m */,
				08FB77B4FE84181DC02AAC07 /* main.c */,
			);
			name = Classes;
			sourceTree = "<group>";
		};
		1058C7B0FEA5585E11CA2CBB /* Linked Frameworks */ = {
			isa = PBXGroup;
			children = (
				1058C7B1FEA5585E11CA2CBB /* Cocoa.framework */,
			);
			name = "Linked Frameworks";
			sourceTree = "<group>";
		};
		1058C7B2FEA5585E11CA2CBB /* Other Frameworks */ = {
			isa = PBXGroup;
			children = (
				0867D69BFE84028FC02AAC07 /* Foundation.framework */,
				0867D6A5FE840307C02AAC07 /* AppKit.framework */,
			);
			name = "Other Frameworks";
			sourceTree = "<group>";
		};
		B4326ABE090F2F57000B7357 /* netcdf */ = {
			isa = PBXGroup;
			children = (
				B4326AC1090F2F8B000B7357 /* netcdf.h */,
				B426AE2D0A8ACC6E00E21A64 /* libnetcdf.a */,
			);
			name = netcdf;
			sourceTree = "<group>";
		};
		B4E1C852092424980014A0B6 /* API Documentation */ = {
			isa = PBXGroup;
			children = (
				B4E1C853092424D00014A0B6 /* UC.config */,
				B4E1C88D09242AFA0014A0B6 /* netcdf.hdoc */,
			);
			name = "API Documentation";
			sourceTree = "<group>";
		};
		B4F086E60A96D465001FA8D4 /* Products */ = {
			isa = PBXGroup;
			children = (
				B4F086EF0A96D465001FA8D4 /* libnetcdf.a */,
				B4F086F10A96D465001FA8D4 /* libnetcdf.a */,
			);
			name = Products;
			sourceTree = "<group>";
		};
		F577E7E602F58A3301EA6D6B /* Tests */ = {
			isa = PBXGroup;
			children = (
				F577E7E902F58D3D01EA6D6B /* NCDFHandleTest.h */,
				F577E7EA02F58D3D01EA6D6B /* NCDFHandleTest.m */,
				F577E7F602F73B1801EA6D6B /* NCDFErrorTester.h */,
				F577E7F702F73B1801EA6D6B /* NCDFErrorTester.m */,
				F577E7FE02F8761A01EA6D6B /* NCDFErrorHandleTester.h */,
				F577E7FF02F8761A01EA6D6B /* NCDFErrorHandleTester.m */,
			);
			name = Tests;
			sourceTree = "<group>";
		};
/* End PBXGroup section */

/* Begin PBXHeadersBuildPhase section */
		B4B033700A9F551C008D45E9 /* Headers */ = {
			isa = PBXHeadersBuildPhase;
			buildActionMask = 2147483647;
			files = (
				B4B033720A9F5533008D45E9 /* netcdf.h in Headers */,
				B4E0D28F0C9EE4B10029D494 /* NCDFAttribute.h in Headers */,
				B4E0D2910C9EE4B10029D494 /* NCDFDataTypeFormatter.h in Headers */,
				B4E0D2930C9EE4B10029D494 /* NCDFDimension.h in Headers */,
				B4E0D2950C9EE4B10029D494 /* NCDFError.h in Headers */,
				B4E0D2970C9EE4B10029D494 /* NCDFErrorHandle.h in Headers */,
				B4E0D2990C9EE4B10029D494 /* NCDFHandle.h in Headers */,
				B4E0D29B0C9EE4B10029D494 /* NCDFNameFormatter.h in Headers */,
				B4E0D29D0C9EE4B10029D494 /* NCDFNetCDF.h in Headers */,
				B4E0D29E0C9EE4B10029D494 /* NCDFProtocols.h in Headers */,
				B4E0D29F0C9EE4B10029D494 /* NCDFSeriesDimension.h in Headers */,
				B4E0D2A10C9EE4B10029D494 /* NCDFSeriesHandle.h in Headers */,
				B4E0D2A30C9EE4B10029D494 /* NCDFSeriesVariable.h in Headers */,
				B4E0D2A50C9EE4B10029D494 /* NCDFSlab.h in Headers */,
				B4E0D2A70C9EE4B10029D494 /* NCDFVariable.h in Headers */,
				B4E0D2A90C9EE4B10029D494 /* NCDFVariableByteSizeFormatter.h in Headers */,
			);
			runOnlyForDeploymentPostprocessing = 0;
		};
/* End PBXHeadersBuildPhase section */

/* Begin PBXNativeTarget section */
		B46DE09D091B0BD1001A5988 /* netcdf */ = {
			isa = PBXNativeTarget;
			buildConfigurationList = B46DE0A0091B0BD2001A5988 /* Build configuration list for PBXNativeTarget "netcdf" */;
			buildPhases = (
				B4B033700A9F551C008D45E9 /* Headers */,
				B46DE09A091B0BD1001A5988 /* Resources */,
				B46DE09B091B0BD1001A5988 /* Sources */,
				B46DE09C091B0BD1001A5988 /* Frameworks */,
				B47BF29C0A9A1AB800092C22 /* ShellScript */,
			);
			buildRules = (
				B46DE0A6091B0BE3001A5988 /* PBXBuildRule */,
				B46DE0A5091B0BDA001A5988 /* PBXBuildRule */,
			);
			dependencies = (
				B4F086F70A96D5EB001FA8D4 /* PBXTargetDependency */,
			);
			name = netcdf;
			productName = netcdf;
			productReference = B46DE09E091B0BD1001A5988 /* netcdf.framework */;
			productType = "com.apple.product-type.framework";
		};
		B4E54639093D432000794457 /* UnitTests */ = {
			isa = PBXNativeTarget;
			buildConfigurationList = B4E5463C093D432100794457 /* Build configuration list for PBXNativeTarget "UnitTests" */;
			buildPhases = (
				B4E54635093D432000794457 /* Resources */,
				B4E54636093D432000794457 /* Sources */,
				B4E54637093D432000794457 /* Frameworks */,
				B4E54638093D432000794457 /* ShellScript */,
			);
			buildRules = (
			);
			dependencies = (
				B4E54642093D432600794457 /* PBXTargetDependency */,
			);
			name = UnitTests;
			productName = UnitTests;
			productReference = B4E5463A093D432000794457 /* UnitTests.octest */;
			productType = "com.apple.product-type.bundle";
		};
/* End PBXNativeTarget section */

/* Begin PBXProject section */
		0867D690FE84028FC02AAC07 /* Project object */ = {
			isa = PBXProject;
			buildConfigurationList = B4244EB308F4659B0030396F /* Build configuration list for PBXProject "netcdf" */;
			compatibilityVersion = "Xcode 2.4";
			hasScannedForEncodings = 1;
			mainGroup = 0867D691FE84028FC02AAC07 /* netcdf */;
			productRefGroup = 034768DFFF38A50411DB9C8B /* Products */;
			projectDirPath = "";
			projectReferences = (
				{
					ProductGroup = B4F086E60A96D465001FA8D4 /* Products */;
					ProjectRef = B4F086E50A96D465001FA8D4 /* netcdf.xcodeproj */;
				},
			);
			projectRoot = "";
			targets = (
				B46DE09D091B0BD1001A5988 /* netcdf */,
				B4E1C85A092425F90014A0B6 /* API */,
				B4E54639093D432000794457 /* UnitTests */,
			);
		};
/* End PBXProject section */

/* Begin PBXReferenceProxy section */
		B4F086EF0A96D465001FA8D4 /* libnetcdf.a */ = {
			isa = PBXReferenceProxy;
			fileType = archive.ar;
			path = libnetcdf.a;
			remoteRef = B4F086EE0A96D465001FA8D4 /* PBXContainerItemProxy */;
			sourceTree = BUILT_PRODUCTS_DIR;
		};
		B4F086F10A96D465001FA8D4 /* libnetcdf.a */ = {
			isa = PBXReferenceProxy;
			fileType = archive.ar;
			path = libnetcdf.a;
			remoteRef = B4F086F00A96D465001FA8D4 /* PBXContainerItemProxy */;
			sourceTree = BUILT_PRODUCTS_DIR;
		};
/* End PBXReferenceProxy section */

/* Begin PBXResourcesBuildPhase section */
		B46DE09A091B0BD1001A5988 /* Resources */ = {
			isa = PBXResourcesBuildPhase;
			buildActionMask = 2147483647;
			files = (
				B46DE0BF091B0C4D001A5988 /* InfoPlist.strings in Resources */,
				B46DE0C0091B0C4D001A5988 /* NCDFError.strings in Resources */,
			);
			runOnlyForDeploymentPostprocessing = 0;
		};
		B4E54635093D432000794457 /* Resources */ = {
			isa = PBXResourcesBuildPhase;
			buildActionMask = 2147483647;
			files = (
			);
			runOnlyForDeploymentPostprocessing = 0;
		};
/* End PBXResourcesBuildPhase section */

/* Begin PBXShellScriptBuildPhase section */
		B47BF29C0A9A1AB800092C22 /* ShellScript */ = {
			isa = PBXShellScriptBuildPhase;
			buildActionMask = 2147483647;
			files = (
			);
			inputPaths = (
			);
			outputPaths = (
			);
			runOnlyForDeploymentPostprocessing = 0;
			shellPath = /bin/sh;
			shellScript = "\nFRAMEWORKNAME=netcdf.framework\nFRAMEWORK=${BUILT_PRODUCTS_DIR}/${FRAMEWORKNAME}\nFRAMEWORKTARGET=${BUILD_ROOT}/currentbuild\n\n\nif [ ! -f \"$FRAMEWORKTARGET\" ]\nthen\n\tmkdir \"$FRAMEWORKTARGET\"\nfi\n\nif [ -f \"$FRAMEWORKTARGET/$FRAMEWORKNAME\" ] \nthen\n\trm -Rf \"$FRAMEWORKTARGET/$FRAMEWORKNAME\"\nfi\n\ncp -R \"$FRAMEWORK\" \"$FRAMEWORKTARGET\"\n\nexit 0";
		};
		B4E1C859092425F90014A0B6 /* ShellScript */ = {
			isa = PBXShellScriptBuildPhase;
			buildActionMask = 2147483647;
			files = (
			);
			inputPaths = (
			);
			outputPaths = (
			);
			runOnlyForDeploymentPostprocessing = 0;
			shellPath = /bin/sh;
			shellScript = "# shell script goes here\n\nAPI_TARGET=\"$TARGET_BUILD_DIR/API\"\n\nif [ -f \"$API_TARGET\" ] ; then\n\trm -Rf $API_TARGET\nfi\nmkdir $API_TARGET\ncp *.hdoc $API_TARGET/\n/usr/bin/headerdoc2html -o $API_TARGET *.h\n\n/usr/bin/gatherheaderdoc $API_TARGET\nexit 0";
		};
		B4E54638093D432000794457 /* ShellScript */ = {
			isa = PBXShellScriptBuildPhase;
			buildActionMask = 2147483647;
			files = (
			);
			inputPaths = (
			);
			outputPaths = (
			);
			runOnlyForDeploymentPostprocessing = 0;
			shellPath = /bin/sh;
			shellScript = "# Run the unit tests in this test bundle.\n\"${SYSTEM_DEVELOPER_DIR}/Tools/RunUnitTests\"\n";
		};
/* End PBXShellScriptBuildPhase section */

/* Begin PBXSourcesBuildPhase section */
		B46DE09B091B0BD1001A5988 /* Sources */ = {
			isa = PBXSourcesBuildPhase;
			buildActionMask = 2147483647;
			files = (
				B4E0D2900C9EE4B10029D494 /* NCDFAttribute.m in Sources */,
				B4E0D2920C9EE4B10029D494 /* NCDFDataTypeFormatter.m in Sources */,
				B4E0D2940C9EE4B10029D494 /* NCDFDimension.m in Sources */,
				B4E0D2960C9EE4B10029D494 /* NCDFError.m in Sources */,
				B4E0D2980C9EE4B10029D494 /* NCDFErrorHandle.m in Sources */,
				B4E0D29A0C9EE4B10029D494 /* NCDFHandle.m in Sources */,
				B4E0D29C0C9EE4B10029D494 /* NCDFNameFormatter.m in Sources */,
				B4E0D2A00C9EE4B10029D494 /* NCDFSeriesDimension.m in Sources */,
				B4E0D2A20C9EE4B10029D494 /* NCDFSeriesHandle.m in Sources */,
				B4E0D2A40C9EE4B10029D494 /* NCDFSeriesVariable.m in Sources */,
				B4E0D2A60C9EE4B10029D494 /* NCDFSlab.m in Sources */,
				B4E0D2A80C9EE4B10029D494 /* NCDFVariable.m in Sources */,
				B4E0D2AA0C9EE4B10029D494 /* NCDFVariableByteSizeFormatter.m in Sources */,
			);
			runOnlyForDeploymentPostprocessing = 0;
		};
		B4E54636093D432000794457 /* Sources */ = {
			isa = PBXSourcesBuildPhase;
			buildActionMask = 2147483647;
			files = (
				B4E546F8093D4D8700794457 /* NCDFHandleTest.m in Sources */,
				B4E546F9093D4D8700794457 /* NCDFErrorTester.m in Sources */,
				B4E546FA093D4D8700794457 /* NCDFErrorHandleTester.m in Sources */,
			);
			runOnlyForDeploymentPostprocessing = 0;
		};
/* End PBXSourcesBuildPhase section */

/* Begin PBXTargetDependency section */
		B4E54642093D432600794457 /* PBXTargetDependency */ = {
			isa = PBXTargetDependency;
			target = B46DE09D091B0BD1001A5988 /* netcdf */;
			targetProxy = B4E54641093D432600794457 /* PBXContainerItemProxy */;
		};
		B4F086F70A96D5EB001FA8D4 /* PBXTargetDependency */ = {
			isa = PBXTargetDependency;
			name = universal;
			targetProxy = B4F086F60A96D5EB001FA8D4 /* PBXContainerItemProxy */;
		};
/* End PBXTargetDependency section */

/* Begin PBXVariantGroup section */
		089C1666FE841158C02AAC07 /* InfoPlist.strings */ = {
			isa = PBXVariantGroup;
			children = (
				089C1667FE841158C02AAC07 /* English */,
			);
			name = InfoPlist.strings;
			sourceTree = "<group>";
		};
		F577E7F302F7319701EA6D6B /* NCDFError.strings */ = {
			isa = PBXVariantGroup;
			children = (
				F577E7F402F7319701EA6D6B /* NCDFError.strings */,
			);
			name = NCDFError.strings;
			sourceTree = "<group>";
		};
/* End PBXVariantGroup section */

/* Begin XCBuildConfiguration section */
		B4244EB408F4659B0030396F /* Development */ = {
			isa = XCBuildConfiguration;
			buildSettings = {
				ARCHS = (
					ppc,
					i386,
				);
				GCC_ENABLE_OBJC_GC = YES;
				INSTALL_PATH = "@executable_path/../Frameworks";
				MACOSX_DEPLOYMENT_TARGET = 10.3;
				MACOSX_DEPLOYMENT_TARGET_i386 = 10.4;
				MACOSX_DEPLOYMENT_TARGET_ppc = 10.3;
				OTHER_LDFLAGS = (
					"-framework",
					Foundation,
					"-framework",
					AppKit,
					"-seg1addr",
					0x00010000,
				);
				SDKROOT = /Developer/SDKs/MacOSX10.4u.sdk;
			};
			name = Development;
		};
		B4244EB508F4659B0030396F /* Deployment */ = {
			isa = XCBuildConfiguration;
			buildSettings = {
				ARCHS = (
					ppc,
					i386,
				);
				GCC_ENABLE_OBJC_GC = YES;
				INSTALL_PATH = "@executable_path/../Frameworks";
				MACOSX_DEPLOYMENT_TARGET = 10.3;
				MACOSX_DEPLOYMENT_TARGET_i386 = 10.4;
				MACOSX_DEPLOYMENT_TARGET_ppc = 10.3;
				OTHER_LDFLAGS = (
					"-framework",
					Foundation,
					"-framework",
					AppKit,
					"-seg1addr",
					0x00010000,
				);
				SDKROOT = /Developer/SDKs/MacOSX10.4u.sdk;
			};
			name = Deployment;
		};
		B4244EB608F4659B0030396F /* test */ = {
			isa = XCBuildConfiguration;
			buildSettings = {
				ARCHS = (
					ppc,
					i386,
				);
				GCC_ENABLE_OBJC_GC = YES;
				INSTALL_PATH = "@executable_path/../Frameworks";
				MACOSX_DEPLOYMENT_TARGET = 10.3;
				MACOSX_DEPLOYMENT_TARGET_i386 = 10.4;
				MACOSX_DEPLOYMENT_TARGET_ppc = 10.3;
				OTHER_LDFLAGS = (
					"-framework",
					Foundation,
					"-framework",
					AppKit,
					"-seg1addr",
					0x00010000,
				);
				SDKROOT = /Developer/SDKs/MacOSX10.4u.sdk;
			};
			name = test;
		};
		B4244EB708F4659B0030396F /* Default */ = {
			isa = XCBuildConfiguration;
			buildSettings = {
				ARCHS = (
					ppc,
					i386,
				);
				GCC_ENABLE_OBJC_GC = YES;
				INSTALL_PATH = "@executable_path/../Frameworks";
				MACOSX_DEPLOYMENT_TARGET = 10.3;
				MACOSX_DEPLOYMENT_TARGET_i386 = 10.4;
				MACOSX_DEPLOYMENT_TARGET_ppc = 10.3;
				OTHER_LDFLAGS = (
					"-framework",
					Foundation,
					"-framework",
					AppKit,
					"-seg1addr",
					0x00010000,
				);
				SDKROOT = /Developer/SDKs/MacOSX10.4u.sdk;
			};
			name = Default;
		};
		B46DE0A1091B0BD2001A5988 /* Development */ = {
			isa = XCBuildConfiguration;
			buildSettings = {
				COPY_PHASE_STRIP = NO;
				DYLIB_COMPATIBILITY_VERSION = 1;
				DYLIB_CURRENT_VERSION = 1;
				FRAMEWORK_VERSION = A;
				GCC_GENERATE_DEBUGGING_SYMBOLS = YES;
				GCC_MODEL_TUNING = G5;
				GCC_OPTIMIZATION_LEVEL = 0;
				GCC_PRECOMPILE_PREFIX_HEADER = YES;
				GCC_PREFIX_HEADER = "$(SYSTEM_LIBRARY_DIR)/Frameworks/AppKit.framework/Headers/AppKit.h";
				INFOPLIST_FILE = "netcdf-Info.plist";
				INSTALL_PATH = "@executable_path/../Frameworks";
				LIBRARY_SEARCH_PATHS = (
					"$(LIBRARY_SEARCH_PATHS_QUOTED_1)",
					"$(LIBRARY_SEARCH_PATHS_QUOTED_2)",
					"$(LIBRARY_SEARCH_PATHS_QUOTED_3)",
					"$(LIBRARY_SEARCH_PATHS_QUOTED_4)",
				);
				LIBRARY_SEARCH_PATHS_QUOTED_1 = "\"$(SRCROOT)\"";
				LIBRARY_SEARCH_PATHS_QUOTED_2 = "\"$(SRCROOT)/library/netcdf/build/Release\"";
				LIBRARY_SEARCH_PATHS_QUOTED_3 = "\"$(SRCROOT)/library/netcdf/build/Release\"";
				LIBRARY_SEARCH_PATHS_QUOTED_4 = "\"$(SRCROOT)/library/netcdf/currentbuild\"";
				MACOSX_DEPLOYMENT_TARGET = "";
				OTHER_CFLAGS = "";
				OTHER_LDFLAGS = (
					"-framework",
					Foundation,
					"-framework",
					AppKit,
				);
				OTHER_REZFLAGS = "";
				PREBINDING = NO;
				PRODUCT_NAME = netcdf;
				SECTORDER_FLAGS = "";
				WARNING_CFLAGS = (
					"-Wmost",
					"-Wno-four-char-constants",
					"-Wno-unknown-pragmas",
				);
			};
			name = Development;
		};
		B46DE0A2091B0BD2001A5988 /* Deployment */ = {
			isa = XCBuildConfiguration;
			buildSettings = {
				ARCHS = (
					ppc,
					i386,
				);
				COPY_PHASE_STRIP = YES;
				DYLIB_COMPATIBILITY_VERSION = 1;
				DYLIB_CURRENT_VERSION = 1;
				FRAMEWORK_VERSION = A;
				GCC_GENERATE_DEBUGGING_SYMBOLS = NO;
				GCC_MODEL_TUNING = G5;
				GCC_OPTIMIZATION_LEVEL = 0;
				GCC_PRECOMPILE_PREFIX_HEADER = YES;
				GCC_PREFIX_HEADER = "$(SYSTEM_LIBRARY_DIR)/Frameworks/AppKit.framework/Headers/AppKit.h";
				INFOPLIST_FILE = "netcdf-Info.plist";
				INSTALL_PATH = "@executable_path/../Frameworks";
				LIBRARY_SEARCH_PATHS = (
					"$(LIBRARY_SEARCH_PATHS_QUOTED_1)",
					"$(LIBRARY_SEARCH_PATHS_QUOTED_2)",
					"$(LIBRARY_SEARCH_PATHS_QUOTED_3)",
					"$(LIBRARY_SEARCH_PATHS_QUOTED_4)",
				);
				LIBRARY_SEARCH_PATHS_QUOTED_1 = "\"$(SRCROOT)\"";
				LIBRARY_SEARCH_PATHS_QUOTED_2 = "\"$(SRCROOT)/library/netcdf/build/Release\"";
				LIBRARY_SEARCH_PATHS_QUOTED_3 = "\"$(SRCROOT)/library/netcdf/build/Release\"";
				LIBRARY_SEARCH_PATHS_QUOTED_4 = "\"$(SRCROOT)/library/netcdf/currentbuild\"";
				MACOSX_DEPLOYMENT_TARGET = "";
				OTHER_CFLAGS = "";
				OTHER_LDFLAGS = (
					"-framework",
					Foundation,
					"-framework",
					AppKit,
				);
				OTHER_REZFLAGS = "";
				PREBINDING = NO;
				PRODUCT_NAME = netcdf;
				SECTORDER_FLAGS = "";
				WARNING_CFLAGS = (
					"-Wmost",
					"-Wno-four-char-constants",
					"-Wno-unknown-pragmas",
				);
			};
			name = Deployment;
		};
		B46DE0A3091B0BD2001A5988 /* test */ = {
			isa = XCBuildConfiguration;
			buildSettings = {
				DYLIB_COMPATIBILITY_VERSION = 1;
				DYLIB_CURRENT_VERSION = 1;
				FRAMEWORK_VERSION = A;
				GCC_GENERATE_DEBUGGING_SYMBOLS = NO;
				GCC_MODEL_TUNING = G5;
				GCC_OPTIMIZATION_LEVEL = 0;
				GCC_PRECOMPILE_PREFIX_HEADER = YES;
				GCC_PREFIX_HEADER = "$(SYSTEM_LIBRARY_DIR)/Frameworks/AppKit.framework/Headers/AppKit.h";
				INFOPLIST_FILE = "netcdf-Info.plist";
				INSTALL_PATH = "@executable_path/../Frameworks";
				LIBRARY_SEARCH_PATHS = (
					"$(LIBRARY_SEARCH_PATHS_QUOTED_1)",
					"$(LIBRARY_SEARCH_PATHS_QUOTED_2)",
					"$(LIBRARY_SEARCH_PATHS_QUOTED_3)",
					"$(LIBRARY_SEARCH_PATHS_QUOTED_4)",
				);
				LIBRARY_SEARCH_PATHS_QUOTED_1 = "\"$(SRCROOT)\"";
				LIBRARY_SEARCH_PATHS_QUOTED_2 = "\"$(SRCROOT)/library/netcdf/build/Release\"";
				LIBRARY_SEARCH_PATHS_QUOTED_3 = "\"$(SRCROOT)/library/netcdf/build/Release\"";
				LIBRARY_SEARCH_PATHS_QUOTED_4 = "\"$(SRCROOT)/library/netcdf/currentbuild\"";
				MACOSX_DEPLOYMENT_TARGET = "";
				OTHER_CFLAGS = "";
				OTHER_LDFLAGS = (
					"-framework",
					Foundation,
					"-framework",
					AppKit,
				);
				OTHER_REZFLAGS = "";
				PREBINDING = NO;
				PRODUCT_NAME = netcdf;
				SECTORDER_FLAGS = "";
				WARNING_CFLAGS = (
					"-Wmost",
					"-Wno-four-char-constants",
					"-Wno-unknown-pragmas",
				);
			};
			name = test;
		};
		B46DE0A4091B0BD2001A5988 /* Default */ = {
			isa = XCBuildConfiguration;
			buildSettings = {
				DYLIB_COMPATIBILITY_VERSION = 1;
				DYLIB_CURRENT_VERSION = 1;
				FRAMEWORK_VERSION = A;
				GCC_GENERATE_DEBUGGING_SYMBOLS = NO;
				GCC_MODEL_TUNING = G5;
				GCC_OPTIMIZATION_LEVEL = 0;
				GCC_PRECOMPILE_PREFIX_HEADER = YES;
				GCC_PREFIX_HEADER = "$(SYSTEM_LIBRARY_DIR)/Frameworks/AppKit.framework/Headers/AppKit.h";
				INFOPLIST_FILE = "netcdf-Info.plist";
				INSTALL_PATH = "@executable_path/../Frameworks";
				LIBRARY_SEARCH_PATHS = (
					"$(LIBRARY_SEARCH_PATHS_QUOTED_1)",
					"$(LIBRARY_SEARCH_PATHS_QUOTED_2)",
					"$(LIBRARY_SEARCH_PATHS_QUOTED_3)",
					"$(LIBRARY_SEARCH_PATHS_QUOTED_4)",
				);
				LIBRARY_SEARCH_PATHS_QUOTED_1 = "\"$(SRCROOT)\"";
				LIBRARY_SEARCH_PATHS_QUOTED_2 = "\"$(SRCROOT)/library/netcdf/build/Release\"";
				LIBRARY_SEARCH_PATHS_QUOTED_3 = "\"$(SRCROOT)/library/netcdf/build/Release\"";
				LIBRARY_SEARCH_PATHS_QUOTED_4 = "\"$(SRCROOT)/library/netcdf/currentbuild\"";
				MACOSX_DEPLOYMENT_TARGET = "";
				OTHER_CFLAGS = "";
				OTHER_LDFLAGS = (
					"-framework",
					Foundation,
					"-framework",
					AppKit,
				);
				OTHER_REZFLAGS = "";
				PREBINDING = NO;
				PRODUCT_NAME = netcdf;
				SECTORDER_FLAGS = "";
				WARNING_CFLAGS = (
					"-Wmost",
					"-Wno-four-char-constants",
					"-Wno-unknown-pragmas",
				);
			};
			name = Default;
		};
		B4E1C8620924260C0014A0B6 /* Development */ = {
			isa = XCBuildConfiguration;
			buildSettings = {
				COPY_PHASE_STRIP = NO;
				GCC_DYNAMIC_NO_PIC = NO;
				GCC_GENERATE_DEBUGGING_SYMBOLS = YES;
				GCC_OPTIMIZATION_LEVEL = 0;
				PRODUCT_NAME = API;
			};
			name = Development;
		};
		B4E1C8630924260C0014A0B6 /* Deployment */ = {
			isa = XCBuildConfiguration;
			buildSettings = {
				COPY_PHASE_STRIP = YES;
				GCC_ENABLE_FIX_AND_CONTINUE = NO;
				GCC_GENERATE_DEBUGGING_SYMBOLS = NO;
				PRODUCT_NAME = API;
				ZERO_LINK = NO;
			};
			name = Deployment;
		};
		B4E1C8640924260C0014A0B6 /* test */ = {
			isa = XCBuildConfiguration;
			buildSettings = {
				PRODUCT_NAME = API;
			};
			name = test;
		};
		B4E1C8650924260C0014A0B6 /* Default */ = {
			isa = XCBuildConfiguration;
			buildSettings = {
				PRODUCT_NAME = API;
			};
			name = Default;
		};
		B4E5463D093D432100794457 /* Development */ = {
			isa = XCBuildConfiguration;
			buildSettings = {
				COPY_PHASE_STRIP = NO;
				FRAMEWORK_SEARCH_PATHS = (
					"$(FRAMEWORK_SEARCH_PATHS)",
					"$(SYSTEM_DEVELOPER_DIR)/SDKs/MacOSX10.4u.sdk/System/Library/Frameworks",
					"$(DEVELOPER_FRAMEWORKS_DIR_QUOTED)",
				);
				GCC_DYNAMIC_NO_PIC = NO;
				GCC_ENABLE_FIX_AND_CONTINUE = NO;
				GCC_ENABLE_OBJC_EXCEPTIONS = YES;
				GCC_GENERATE_DEBUGGING_SYMBOLS = YES;
				GCC_MODEL_TUNING = G5;
				GCC_OPTIMIZATION_LEVEL = 0;
				GCC_PRECOMPILE_PREFIX_HEADER = YES;
				GCC_PREFIX_HEADER = "$(SYSTEM_LIBRARY_DIR)/Frameworks/Cocoa.framework/Headers/Cocoa.h";
				INFOPLIST_FILE = "UnitTests-Info.plist";
				INSTALL_PATH = "$(USER_LIBRARY_DIR)/Bundles";
				LIBRARY_SEARCH_PATHS = (
					"$(inherited)",
					"$(LIBRARY_SEARCH_PATHS_QUOTED_1)",
					"$(LIBRARY_SEARCH_PATHS_QUOTED_2)",
				);
				LIBRARY_SEARCH_PATHS_QUOTED_1 = "\"$(SRCROOT)\"";
				LIBRARY_SEARCH_PATHS_QUOTED_2 = "\"$(SRCROOT)\"";
				OTHER_LDFLAGS = (
					"-framework",
					Cocoa,
					"-framework",
					SenTestingKit,
				);
				PREBINDING = NO;
				PRODUCT_NAME = UnitTests;
				WRAPPER_EXTENSION = octest;
				ZERO_LINK = NO;
			};
			name = Development;
		};
		B4E5463E093D432100794457 /* Deployment */ = {
			isa = XCBuildConfiguration;
			buildSettings = {
				COPY_PHASE_STRIP = YES;
				FRAMEWORK_SEARCH_PATHS = (
					"$(FRAMEWORK_SEARCH_PATHS)",
					"$(SYSTEM_DEVELOPER_DIR)/SDKs/MacOSX10.4u.sdk/System/Library/Frameworks",
					"$(DEVELOPER_FRAMEWORKS_DIR_QUOTED)",
				);
				GCC_ENABLE_FIX_AND_CONTINUE = NO;
				GCC_ENABLE_OBJC_EXCEPTIONS = YES;
				GCC_GENERATE_DEBUGGING_SYMBOLS = NO;
				GCC_MODEL_TUNING = G5;
				GCC_PRECOMPILE_PREFIX_HEADER = YES;
				GCC_PREFIX_HEADER = "$(SYSTEM_LIBRARY_DIR)/Frameworks/Cocoa.framework/Headers/Cocoa.h";
				INFOPLIST_FILE = "UnitTests-Info.plist";
				INSTALL_PATH = "$(USER_LIBRARY_DIR)/Bundles";
				LIBRARY_SEARCH_PATHS = (
					"$(inherited)",
					"$(LIBRARY_SEARCH_PATHS_QUOTED_1)",
					"$(LIBRARY_SEARCH_PATHS_QUOTED_2)",
				);
				LIBRARY_SEARCH_PATHS_QUOTED_1 = "\"$(SRCROOT)\"";
				LIBRARY_SEARCH_PATHS_QUOTED_2 = "\"$(SRCROOT)\"";
				OTHER_LDFLAGS = (
					"-framework",
					Cocoa,
					"-framework",
					SenTestingKit,
				);
				PREBINDING = NO;
				PRODUCT_NAME = UnitTests;
				WRAPPER_EXTENSION = octest;
				ZERO_LINK = NO;
			};
			name = Deployment;
		};
		B4E5463F093D432100794457 /* test */ = {
			isa = XCBuildConfiguration;
			buildSettings = {
				FRAMEWORK_SEARCH_PATHS = (
					"$(FRAMEWORK_SEARCH_PATHS)",
					"$(SYSTEM_DEVELOPER_DIR)/SDKs/MacOSX10.4u.sdk/System/Library/Frameworks",
					"$(DEVELOPER_FRAMEWORKS_DIR_QUOTED)",
				);
				GCC_ENABLE_FIX_AND_CONTINUE = NO;
				GCC_ENABLE_OBJC_EXCEPTIONS = YES;
				GCC_MODEL_TUNING = G5;
				GCC_PRECOMPILE_PREFIX_HEADER = YES;
				GCC_PREFIX_HEADER = "$(SYSTEM_LIBRARY_DIR)/Frameworks/Cocoa.framework/Headers/Cocoa.h";
				INFOPLIST_FILE = "UnitTests-Info.plist";
				INSTALL_PATH = "$(USER_LIBRARY_DIR)/Bundles";
				LIBRARY_SEARCH_PATHS = (
					"$(inherited)",
					"$(LIBRARY_SEARCH_PATHS_QUOTED_1)",
					"$(LIBRARY_SEARCH_PATHS_QUOTED_2)",
				);
				LIBRARY_SEARCH_PATHS_QUOTED_1 = "\"$(SRCROOT)\"";
				LIBRARY_SEARCH_PATHS_QUOTED_2 = "\"$(SRCROOT)\"";
				OTHER_LDFLAGS = (
					"-framework",
					Cocoa,
					"-framework",
					SenTestingKit,
				);
				PREBINDING = NO;
				PRODUCT_NAME = UnitTests;
				WRAPPER_EXTENSION = octest;
				ZERO_LINK = NO;
			};
			name = test;
		};
		B4E54640093D432100794457 /* Default */ = {
			isa = XCBuildConfiguration;
			buildSettings = {
				FRAMEWORK_SEARCH_PATHS = (
					"$(FRAMEWORK_SEARCH_PATHS)",
					"$(SYSTEM_DEVELOPER_DIR)/SDKs/MacOSX10.4u.sdk/System/Library/Frameworks",
					"$(DEVELOPER_FRAMEWORKS_DIR_QUOTED)",
				);
				GCC_ENABLE_FIX_AND_CONTINUE = NO;
				GCC_ENABLE_OBJC_EXCEPTIONS = YES;
				GCC_MODEL_TUNING = G5;
				GCC_PRECOMPILE_PREFIX_HEADER = YES;
				GCC_PREFIX_HEADER = "$(SYSTEM_LIBRARY_DIR)/Frameworks/Cocoa.framework/Headers/Cocoa.h";
				INFOPLIST_FILE = "UnitTests-Info.plist";
				INSTALL_PATH = "$(USER_LIBRARY_DIR)/Bundles";
				LIBRARY_SEARCH_PATHS = (
					"$(inherited)",
					"$(LIBRARY_SEARCH_PATHS_QUOTED_1)",
					"$(LIBRARY_SEARCH_PATHS_QUOTED_2)",
				);
				LIBRARY_SEARCH_PATHS_QUOTED_1 = "\"$(SRCROOT)\"";
				LIBRARY_SEARCH_PATHS_QUOTED_2 = "\"$(SRCROOT)\"";
				OTHER_LDFLAGS = (
					"-framework",
					Cocoa,
					"-framework",
					SenTestingKit,
				);
				PREBINDING = NO;
				PRODUCT_NAME = UnitTests;
				WRAPPER_EXTENSION = octest;
				ZERO_LINK = NO;
			};
			name = Default;
		};
/* End XCBuildConfiguration section */

/* Begin XCConfigurationList section */
		B4244EB308F4659B0030396F /* Build configuration list for PBXProject "netcdf" */ = {
			isa = XCConfigurationList;
			buildConfigurations = (
				B4244EB408F4659B0030396F /* Development */,
				B4244EB508F4659B0030396F /* Deployment */,
				B4244EB608F4659B0030396F /* test */,
				B4244EB708F4659B0030396F /* Default */,
			);
			defaultConfigurationIsVisible = 0;
			defaultConfigurationName = Default;
		};
		B46DE0A0091B0BD2001A5988 /* Build configuration list for PBXNativeTarget "netcdf" */ = {
			isa = XCConfigurationList;
			buildConfigurations = (
				B46DE0A1091B0BD2001A5988 /* Development */,
				B46DE0A2091B0BD2001A5988 /* Deployment */,
				B46DE0A3091B0BD2001A5988 /* test */,
				B46DE0A4091B0BD2001A5988 /* Default */,
			);
			defaultConfigurationIsVisible = 0;
			defaultConfigurationName = Default;
		};
		B4E1C8610924260C0014A0B6 /* Build configuration list for PBXAggregateTarget "API" */ = {
			isa = XCConfigurationList;
			buildConfigurations = (
				B4E1C8620924260C0014A0B6 /* Development */,
				B4E1C8630924260C0014A0B6 /* Deployment */,
				B4E1C8640924260C0014A0B6 /* test */,
				B4E1C8650924260C0014A0B6 /* Default */,
			);
			defaultConfigurationIsVisible = 0;
			defaultConfigurationName = Default;
		};
		B4E5463C093D432100794457 /* Build configuration list for PBXNativeTarget "UnitTests" */ = {
			isa = XCConfigurationList;
			buildConfigurations = (
				B4E5463D093D432100794457 /* Development */,
				B4E5463E093D432100794457 /* Deployment */,
				B4E5463F093D432100794457 /* test */,
				B4E54640093D432100794457 /* Default */,
			);
			defaultConfigurationIsVisible = 0;
			defaultConfigurationName = Default;
		};
/* End XCConfigurationList section */
	};
	rootObject = 0867D690FE84028FC02AAC07 /* Project object */;
}
